// !$*UTF8*$!
{
	archiveVersion = 1;
	classes = {
	};
	objectVersion = 77;
	objects = {

/* Begin PBXBuildFile section */
		177D285C0C27DDBB7A192422 /* WritingLibrary.swift in Sources */ = {isa = PBXBuildFile; fileRef = C1C5B6EED527E7453850F3E5 /* WritingLibrary.swift */; };
		23C0A80714049FA25B9B36C5 /* MarkdownTextEditor.swift in Sources */ = {isa = PBXBuildFile; fileRef = CD8C026A5B07D6C14CC0A417 /* MarkdownTextEditor.swift */; };
		30B5F720323375DAB848B349 /* MarkdownDocument.swift in Sources */ = {isa = PBXBuildFile; fileRef = 342F344EFE78E9802C4992D3 /* MarkdownDocument.swift */; };
		5C8F864EFED66AB47939192A /* LibraryStore.swift in Sources */ = {isa = PBXBuildFile; fileRef = 6417153992094E1FE4B3F871 /* LibraryStore.swift */; };
		61870885C06D16AFF1918520 /* AIProvider.swift in Sources */ = {isa = PBXBuildFile; fileRef = 0F6DB2CB858C926F27A50E61 /* AIProvider.swift */; };
		7389829D383008A49CAECA92 /* PageReviewPanel.swift in Sources */ = {isa = PBXBuildFile; fileRef = 9AE9893858C4BEF192806CC2 /* PageReviewPanel.swift */; };
		87298631F606E3B5887BBAB2 /* EditJournal.swift in Sources */ = {isa = PBXBuildFile; fileRef = 4C6DEA27FB582F09F33AE731 /* EditJournal.swift */; };
		8D0F558A37D57111D29D5AC0 /* Models.swift in Sources */ = {isa = PBXBuildFile; fileRef = 9439160129A1C7393953E70E /* Models.swift */; };
		9E1CB3802F95BAB6AE4893E7 /* ExternalMarkdownView.swift in Sources */ = {isa = PBXBuildFile; fileRef = 9BB2B6C44FAB1D0C0364DFA5 /* ExternalMarkdownView.swift */; };
		A15BD8EAB26261BBF8325109 /* SkriptumApp.swift in Sources */ = {isa = PBXBuildFile; fileRef = E2FEC015CBA19F4DF103BE0C /* SkriptumApp.swift */; };
		A224F4ACC2ADE23E3D4CEE1C /* KeychainCredentialStore.swift in Sources */ = {isa = PBXBuildFile; fileRef = FC8A218A7D384D04C88EEF7C /* KeychainCredentialStore.swift */; };
		AAD5B335E5CEBB2807A96232 /* ApplePCCProvider.swift in Sources */ = {isa = PBXBuildFile; fileRef = 2DCBC5C8823F377997020893 /* ApplePCCProvider.swift */; };
		CB8F7DC62328651DC1D0B34A /* MarkdownReconciler.swift in Sources */ = {isa = PBXBuildFile; fileRef = 6922F0F034D619DD41C5CDBA /* MarkdownReconciler.swift */; };
		E8A7EF3C98DD6DC3CD465D73 /* PageWritingView.swift in Sources */ = {isa = PBXBuildFile; fileRef = 750BC7004B0362937A17A861 /* PageWritingView.swift */; };
		EB8EBD3184EB57F637AD1C27 /* AssistantPanel.swift in Sources */ = {isa = PBXBuildFile; fileRef = 974CFDAF21F5358FA9028AE2 /* AssistantPanel.swift */; };
/* End PBXBuildFile section */

/* Begin PBXFileReference section */
		0F6DB2CB858C926F27A50E61 /* AIProvider.swift */ = {isa = PBXFileReference; lastKnownFileType = sourcecode.swift; path = AIProvider.swift; sourceTree = "<group>"; };
		23B4126BA1E3A459F2089F64 /* Skriptum.app */ = {isa = PBXFileReference; includeInIndex = 0; lastKnownFileType = wrapper.application; path = Skriptum.app; sourceTree = BUILT_PRODUCTS_DIR; };
		2DCBC5C8823F377997020893 /* ApplePCCProvider.swift */ = {isa = PBXFileReference; lastKnownFileType = sourcecode.swift; path = ApplePCCProvider.swift; sourceTree = "<group>"; };
		342F344EFE78E9802C4992D3 /* MarkdownDocument.swift */ = {isa = PBXFileReference; lastKnownFileType = sourcecode.swift; path = MarkdownDocument.swift; sourceTree = "<group>"; };
		4C6DEA27FB582F09F33AE731 /* EditJournal.swift */ = {isa = PBXFileReference; lastKnownFileType = sourcecode.swift; path = EditJournal.swift; sourceTree = "<group>"; };
		6417153992094E1FE4B3F871 /* LibraryStore.swift */ = {isa = PBXFileReference; lastKnownFileType = sourcecode.swift; path = LibraryStore.swift; sourceTree = "<group>"; };
		6922F0F034D619DD41C5CDBA /* MarkdownReconciler.swift */ = {isa = PBXFileReference; lastKnownFileType = sourcecode.swift; path = MarkdownReconciler.swift; sourceTree = "<group>"; };
		750BC7004B0362937A17A861 /* PageWritingView.swift */ = {isa = PBXFileReference; lastKnownFileType = sourcecode.swift; path = PageWritingView.swift; sourceTree = "<group>"; };
		9439160129A1C7393953E70E /* Models.swift */ = {isa = PBXFileReference; lastKnownFileType = sourcecode.swift; path = Models.swift; sourceTree = "<group>"; };
		974CFDAF21F5358FA9028AE2 /* AssistantPanel.swift */ = {isa = PBXFileReference; lastKnownFileType = sourcecode.swift; path = AssistantPanel.swift; sourceTree = "<group>"; };
		9AE9893858C4BEF192806CC2 /* PageReviewPanel.swift */ = {isa = PBXFileReference; lastKnownFileType = sourcecode.swift; path = PageReviewPanel.swift; sourceTree = "<group>"; };
		9BB2B6C44FAB1D0C0364DFA5 /* ExternalMarkdownView.swift */ = {isa = PBXFileReference; lastKnownFileType = sourcecode.swift; path = ExternalMarkdownView.swift; sourceTree = "<group>"; };
		C1C5B6EED527E7453850F3E5 /* WritingLibrary.swift */ = {isa = PBXFileReference; lastKnownFileType = sourcecode.swift; path = WritingLibrary.swift; sourceTree = "<group>"; };
		CD8C026A5B07D6C14CC0A417 /* MarkdownTextEditor.swift */ = {isa = PBXFileReference; lastKnownFileType = sourcecode.swift; path = MarkdownTextEditor.swift; sourceTree = "<group>"; };
		E2FEC015CBA19F4DF103BE0C /* SkriptumApp.swift */ = {isa = PBXFileReference; lastKnownFileType = sourcecode.swift; path = SkriptumApp.swift; sourceTree = "<group>"; };
		FC8A218A7D384D04C88EEF7C /* KeychainCredentialStore.swift */ = {isa = PBXFileReference; lastKnownFileType = sourcecode.swift; path = KeychainCredentialStore.swift; sourceTree = "<group>"; };
/* End PBXFileReference section */

/* Begin PBXGroup section */
		1B59F371365E8C2B5DEBCAB7 /* SkriptumAI */ = {
			isa = PBXGroup;
			children = (
				0F6DB2CB858C926F27A50E61 /* AIProvider.swift */,
				2DCBC5C8823F377997020893 /* ApplePCCProvider.swift */,
				FC8A218A7D384D04C88EEF7C /* KeychainCredentialStore.swift */,
			);
			name = SkriptumAI;
			path = Sources/SkriptumAI;
			sourceTree = "<group>";
		};
		1FAB77A8D715FC242745BF93 = {
			isa = PBXGroup;
			children = (
				1B59F371365E8C2B5DEBCAB7 /* SkriptumAI */,
				923E5FA07E84B53F742FEE0A /* SkriptumApp */,
				3F868E0434AB921703C6BDDE /* SkriptumAssistant */,
				771B09346CA2892718EA8140 /* SkriptumCore */,
				CA741CFF271C85FF35DA1CEA /* SkriptumDocuments */,
				90476DD2FCD4D941D86D6F28 /* Products */,
			);
			sourceTree = "<group>";
		};
		3F868E0434AB921703C6BDDE /* SkriptumAssistant */ = {
			isa = PBXGroup;
			children = (
				974CFDAF21F5358FA9028AE2 /* AssistantPanel.swift */,
			);
			name = SkriptumAssistant;
			path = Sources/SkriptumAssistant;
			sourceTree = "<group>";
		};
		771B09346CA2892718EA8140 /* SkriptumCore */ = {
			isa = PBXGroup;
			children = (
				4C6DEA27FB582F09F33AE731 /* EditJournal.swift */,
				6417153992094E1FE4B3F871 /* LibraryStore.swift */,
				6922F0F034D619DD41C5CDBA /* MarkdownReconciler.swift */,
				9439160129A1C7393953E70E /* Models.swift */,
			);
			name = SkriptumCore;
			path = Sources/SkriptumCore;
			sourceTree = "<group>";
		};
		90476DD2FCD4D941D86D6F28 /* Products */ = {
			isa = PBXGroup;
			children = (
				23B4126BA1E3A459F2089F64 /* Skriptum.app */,
			);
			name = Products;
			sourceTree = "<group>";
		};
		923E5FA07E84B53F742FEE0A /* SkriptumApp */ = {
			isa = PBXGroup;
			children = (
				9BB2B6C44FAB1D0C0364DFA5 /* ExternalMarkdownView.swift */,
				CD8C026A5B07D6C14CC0A417 /* MarkdownTextEditor.swift */,
				9AE9893858C4BEF192806CC2 /* PageReviewPanel.swift */,
				750BC7004B0362937A17A861 /* PageWritingView.swift */,
				E2FEC015CBA19F4DF103BE0C /* SkriptumApp.swift */,
				C1C5B6EED527E7453850F3E5 /* WritingLibrary.swift */,
			);
			name = SkriptumApp;
			path = Sources/SkriptumApp;
			sourceTree = "<group>";
		};
		CA741CFF271C85FF35DA1CEA /* SkriptumDocuments */ = {
			isa = PBXGroup;
			children = (
				342F344EFE78E9802C4992D3 /* MarkdownDocument.swift */,
			);
			name = SkriptumDocuments;
			path = Sources/SkriptumDocuments;
			sourceTree = "<group>";
		};
/* End PBXGroup section */

/* Begin PBXNativeTarget section */
		1895929188C3CE4FA9ECB6DB /* Skriptum */ = {
			isa = PBXNativeTarget;
			buildConfigurationList = E2E8A720C91029A1C22D11A7 /* Build configuration list for PBXNativeTarget "Skriptum" */;
			buildPhases = (
				C476229456EF3EEC07FDF400 /* Sources */,
			);
			buildRules = (
			);
			dependencies = (
			);
			name = Skriptum;
			packageProductDependencies = (
			);
			productName = Skriptum;
			productReference = 23B4126BA1E3A459F2089F64 /* Skriptum.app */;
			productType = "com.apple.product-type.application";
		};
/* End PBXNativeTarget section */

/* Begin PBXProject section */
		FD020BEAF7550D819336F58C /* Project object */ = {
			isa = PBXProject;
			attributes = {
				BuildIndependentTargetsInParallel = YES;
				LastUpgradeCheck = 1430;
				TargetAttributes = {
					1895929188C3CE4FA9ECB6DB = {
						DevelopmentTeam = SP73Z8JWXM;
						ProvisioningStyle = Automatic;
					};
				};
			};
			buildConfigurationList = 1DCC2CAE3CCB8FFB23D92E69 /* Build configuration list for PBXProject "Skriptum" */;
			developmentRegion = en;
			hasScannedForEncodings = 0;
			knownRegions = (
				Base,
				en,
			);
			mainGroup = 1FAB77A8D715FC242745BF93;
			minimizedProjectReferenceProxies = 1;
			preferredProjectObjectVersion = 77;
			productRefGroup = 90476DD2FCD4D941D86D6F28 /* Products */;
			projectDirPath = "";
			projectRoot = "";
			targets = (
				1895929188C3CE4FA9ECB6DB /* Skriptum */,
			);
		};
/* End PBXProject section */

/* Begin PBXSourcesBuildPhase section */
		C476229456EF3EEC07FDF400 /* Sources */ = {
			isa = PBXSourcesBuildPhase;
			buildActionMask = 2147483647;
			files = (
				61870885C06D16AFF1918520 /* AIProvider.swift in Sources */,
				AAD5B335E5CEBB2807A96232 /* ApplePCCProvider.swift in Sources */,
				EB8EBD3184EB57F637AD1C27 /* AssistantPanel.swift in Sources */,
				87298631F606E3B5887BBAB2 /* EditJournal.swift in Sources */,
				9E1CB3802F95BAB6AE4893E7 /* ExternalMarkdownView.swift in Sources */,
				A224F4ACC2ADE23E3D4CEE1C /* KeychainCredentialStore.swift in Sources */,
				5C8F864EFED66AB47939192A /* LibraryStore.swift in Sources */,
				30B5F720323375DAB848B349 /* MarkdownDocument.swift in Sources */,
				CB8F7DC62328651DC1D0B34A /* MarkdownReconciler.swift in Sources */,
				23C0A80714049FA25B9B36C5 /* MarkdownTextEditor.swift in Sources */,
				8D0F558A37D57111D29D5AC0 /* Models.swift in Sources */,
				7389829D383008A49CAECA92 /* PageReviewPanel.swift in Sources */,
				E8A7EF3C98DD6DC3CD465D73 /* PageWritingView.swift in Sources */,
				A15BD8EAB26261BBF8325109 /* SkriptumApp.swift in Sources */,
				177D285C0C27DDBB7A192422 /* WritingLibrary.swift in Sources */,
			);
			runOnlyForDeploymentPostprocessing = 0;
		};
/* End PBXSourcesBuildPhase section */

/* Begin XCBuildConfiguration section */
		C989C6156183990B8F307B77 /* Release */ = {
			isa = XCBuildConfiguration;
			buildSettings = {
				ASSETCATALOG_COMPILER_APPICON_NAME = AppIcon;
				CODE_SIGN_IDENTITY = "iPhone Developer";
				GENERATE_INFOPLIST_FILE = YES;
				INFOPLIST_KEY_CFBundleDisplayName = Skriptum;
				INFOPLIST_KEY_UIApplicationSceneManifest_Generation = YES;
				INFOPLIST_KEY_UILaunchScreen_Generation = YES;
				INFOPLIST_KEY_UISupportedInterfaceOrientations_iPad = "UIInterfaceOrientationPortrait UIInterfaceOrientationPortraitUpsideDown UIInterfaceOrientationLandscapeLeft UIInterfaceOrientationLandscapeRight";
				INFOPLIST_KEY_UISupportsDocumentBrowser = YES;
				LD_RUNPATH_SEARCH_PATHS = (
					"$(inherited)",
					"@executable_path/Frameworks",
				);
				PRODUCT_BUNDLE_IDENTIFIER = com.mobilebox.Skriptum;
				SDKROOT = iphoneos;
				TARGETED_DEVICE_FAMILY = "1,2";
			};
			name = Release;
		};
		DACA43E9C6BD8BAC1BF574D4 /* Debug */ = {
			isa = XCBuildConfiguration;
			buildSettings = {
				ASSETCATALOG_COMPILER_APPICON_NAME = AppIcon;
				CODE_SIGN_IDENTITY = "iPhone Developer";
				GENERATE_INFOPLIST_FILE = YES;
				INFOPLIST_KEY_CFBundleDisplayName = Skriptum;
				INFOPLIST_KEY_UIApplicationSceneManifest_Generation = YES;
				INFOPLIST_KEY_UILaunchScreen_Generation = YES;
				INFOPLIST_KEY_UISupportedInterfaceOrientations_iPad = "UIInterfaceOrientationPortrait UIInterfaceOrientationPortraitUpsideDown UIInterfaceOrientationLandscapeLeft UIInterfaceOrientationLandscapeRight";
				INFOPLIST_KEY_UISupportsDocumentBrowser = YES;
				LD_RUNPATH_SEARCH_PATHS = (
					"$(inherited)",
					"@executable_path/Frameworks",
				);
				PRODUCT_BUNDLE_IDENTIFIER = com.mobilebox.Skriptum;
				SDKROOT = iphoneos;
				TARGETED_DEVICE_FAMILY = "1,2";
			};
			name = Debug;
		};
		F3AF54454FE820A0E0DF8938 /* Release */ = {
			isa = XCBuildConfiguration;
			buildSettings = {
				ALWAYS_SEARCH_USER_PATHS = NO;
				CLANG_ANALYZER_NONNULL = YES;
				CLANG_ANALYZER_NUMBER_OBJECT_CONVERSION = YES_AGGRESSIVE;
				CLANG_CXX_LANGUAGE_STANDARD = "gnu++14";
				CLANG_CXX_LIBRARY = "libc++";
				CLANG_ENABLE_MODULES = YES;
				CLANG_ENABLE_OBJC_ARC = YES;
				CLANG_ENABLE_OBJC_WEAK = YES;
				CLANG_WARN_BLOCK_CAPTURE_AUTORELEASING = YES;
				CLANG_WARN_BOOL_CONVERSION = YES;
				CLANG_WARN_COMMA = YES;
				CLANG_WARN_CONSTANT_CONVERSION = YES;
				CLANG_WARN_DEPRECATED_OBJC_IMPLEMENTATIONS = YES;
				CLANG_WARN_DIRECT_OBJC_ISA_USAGE = YES_ERROR;
				CLANG_WARN_DOCUMENTATION_COMMENTS = YES;
				CLANG_WARN_EMPTY_BODY = YES;
				CLANG_WARN_ENUM_CONVERSION = YES;
				CLANG_WARN_INFINITE_RECURSION = YES;
				CLANG_WARN_INT_CONVERSION = YES;
				CLANG_WARN_NON_LITERAL_NULL_CONVERSION = YES;
				CLANG_WARN_OBJC_IMPLICIT_RETAIN_SELF = YES;
				CLANG_WARN_OBJC_LITERAL_CONVERSION = YES;
				CLANG_WARN_OBJC_ROOT_CLASS = YES_ERROR;
				CLANG_WARN_QUOTED_INCLUDE_IN_FRAMEWORK_HEADER = YES;
				CLANG_WARN_RANGE_LOOP_ANALYSIS = YES;
				CLANG_WARN_STRICT_PROTOTYPES = YES;
				CLANG_WARN_SUSPICIOUS_MOVE = YES;
				CLANG_WARN_UNGUARDED_AVAILABILITY = YES_AGGRESSIVE;
				CLANG_WARN_UNREACHABLE_CODE = YES;
				CLANG_WARN__DUPLICATE_METHOD_MATCH = YES;
				CODE_SIGN_STYLE = Automatic;
				COPY_PHASE_STRIP = NO;
				CURRENT_PROJECT_VERSION = 1;
				DEBUG_INFORMATION_FORMAT = "dwarf-with-dsym";
				DEVELOPMENT_TEAM = SP73Z8JWXM;
				ENABLE_NS_ASSERTIONS = NO;
				ENABLE_STRICT_OBJC_MSGSEND = YES;
				GCC_C_LANGUAGE_STANDARD = gnu11;
				GCC_NO_COMMON_BLOCKS = YES;
				GCC_WARN_64_TO_32_BIT_CONVERSION = YES;
				GCC_WARN_ABOUT_RETURN_TYPE = YES_ERROR;
				GCC_WARN_UNDECLARED_SELECTOR = YES;
				GCC_WARN_UNINITIALIZED_AUTOS = YES_AGGRESSIVE;
				GCC_WARN_UNUSED_FUNCTION = YES;
				GCC_WARN_UNUSED_VARIABLE = YES;
				IPHONEOS_DEPLOYMENT_TARGET = 27.0;
				MARKETING_VERSION = 1.0.0;
				MTL_ENABLE_DEBUG_INFO = NO;
				MTL_FAST_MATH = YES;
				PRODUCT_NAME = "$(TARGET_NAME)";
				SDKROOT = iphoneos;
				SWIFT_COMPILATION_MODE = wholemodule;
				SWIFT_OPTIMIZATION_LEVEL = "-O";
				SWIFT_VERSION = 6.0;
				TARGETED_DEVICE_FAMILY = "1,2";
			};
			name = Release;
		};
		FDAB14505FA63672CCE26F40 /* Debug */ = {
			isa = XCBuildConfiguration;
			buildSettings = {
				ALWAYS_SEARCH_USER_PATHS = NO;
				CLANG_ANALYZER_NONNULL = YES;
				CLANG_ANALYZER_NUMBER_OBJECT_CONVERSION = YES_AGGRESSIVE;
				CLANG_CXX_LANGUAGE_STANDARD = "gnu++14";
				CLANG_CXX_LIBRARY = "libc++";
				CLANG_ENABLE_MODULES = YES;
				CLANG_ENABLE_OBJC_ARC = YES;
				CLANG_ENABLE_OBJC_WEAK = YES;
				CLANG_WARN_BLOCK_CAPTURE_AUTORELEASING = YES;
				CLANG_WARN_BOOL_CONVERSION = YES;
				CLANG_WARN_COMMA = YES;
				CLANG_WARN_CONSTANT_CONVERSION = YES;
				CLANG_WARN_DEPRECATED_OBJC_IMPLEMENTATIONS = YES;
				CLANG_WARN_DIRECT_OBJC_ISA_USAGE = YES_ERROR;
				CLANG_WARN_DOCUMENTATION_COMMENTS = YES;
				CLANG_WARN_EMPTY_BODY = YES;
				CLANG_WARN_ENUM_CONVERSION = YES;
				CLANG_WARN_INFINITE_RECURSION = YES;
				CLANG_WARN_INT_CONVERSION = YES;
				CLANG_WARN_NON_LITERAL_NULL_CONVERSION = YES;
				CLANG_WARN_OBJC_IMPLICIT_RETAIN_SELF = YES;
				CLANG_WARN_OBJC_LITERAL_CONVERSION = YES;
				CLANG_WARN_OBJC_ROOT_CLASS = YES_ERROR;
				CLANG_WARN_QUOTED_INCLUDE_IN_FRAMEWORK_HEADER = YES;
				CLANG_WARN_RANGE_LOOP_ANALYSIS = YES;
				CLANG_WARN_STRICT_PROTOTYPES = YES;
				CLANG_WARN_SUSPICIOUS_MOVE = YES;
				CLANG_WARN_UNGUARDED_AVAILABILITY = YES_AGGRESSIVE;
				CLANG_WARN_UNREACHABLE_CODE = YES;
				CLANG_WARN__DUPLICATE_METHOD_MATCH = YES;
				CODE_SIGN_STYLE = Automatic;
				COPY_PHASE_STRIP = NO;
				CURRENT_PROJECT_VERSION = 1;
				DEBUG_INFORMATION_FORMAT = dwarf;
				DEVELOPMENT_TEAM = SP73Z8JWXM;
				ENABLE_STRICT_OBJC_MSGSEND = YES;
				ENABLE_TESTABILITY = YES;
				GCC_C_LANGUAGE_STANDARD = gnu11;
				GCC_DYNAMIC_NO_PIC = NO;
				GCC_NO_COMMON_BLOCKS = YES;
				GCC_OPTIMIZATION_LEVEL = 0;
				GCC_PREPROCESSOR_DEFINITIONS = (
					"$(inherited)",
					"DEBUG=1",
				);
				GCC_WARN_64_TO_32_BIT_CONVERSION = YES;
				GCC_WARN_ABOUT_RETURN_TYPE = YES_ERROR;
				GCC_WARN_UNDECLARED_SELECTOR = YES;
				GCC_WARN_UNINITIALIZED_AUTOS = YES_AGGRESSIVE;
				GCC_WARN_UNUSED_FUNCTION = YES;
				GCC_WARN_UNUSED_VARIABLE = YES;
				IPHONEOS_DEPLOYMENT_TARGET = 27.0;
				MARKETING_VERSION = 1.0.0;
				MTL_ENABLE_DEBUG_INFO = INCLUDE_SOURCE;
				MTL_FAST_MATH = YES;
				ONLY_ACTIVE_ARCH = YES;
				PRODUCT_NAME = "$(TARGET_NAME)";
				SDKROOT = iphoneos;
				SWIFT_ACTIVE_COMPILATION_CONDITIONS = DEBUG;
				SWIFT_OPTIMIZATION_LEVEL = "-Onone";
				SWIFT_VERSION = 6.0;
				TARGETED_DEVICE_FAMILY = "1,2";
			};
			name = Debug;
		};
/* End XCBuildConfiguration section */

/* Begin XCConfigurationList section */
		1DCC2CAE3CCB8FFB23D92E69 /* Build configuration list for PBXProject "Skriptum" */ = {
			isa = XCConfigurationList;
			buildConfigurations = (
				FDAB14505FA63672CCE26F40 /* Debug */,
				F3AF54454FE820A0E0DF8938 /* Release */,
			);
			defaultConfigurationIsVisible = 0;
			defaultConfigurationName = Debug;
		};
		E2E8A720C91029A1C22D11A7 /* Build configuration list for PBXNativeTarget "Skriptum" */ = {
			isa = XCConfigurationList;
			buildConfigurations = (
				DACA43E9C6BD8BAC1BF574D4 /* Debug */,
				C989C6156183990B8F307B77 /* Release */,
			);
			defaultConfigurationIsVisible = 0;
			defaultConfigurationName = Debug;
		};
/* End XCConfigurationList section */
	};
	rootObject = FD020BEAF7550D819336F58C /* Project object */;
}
