// !$*UTF8*$!
{
	archiveVersion = 1;
	classes = {
	};
	objectVersion = 77;
	objects = {

/* Begin PBXBuildFile section */
		00CFF3B2E949EDD1A28C883B /* CloudLibraryBinding.swift in Sources */ = {isa = PBXBuildFile; fileRef = A147E50267737246BE0DF1F5 /* CloudLibraryBinding.swift */; };
		0386A0EEA74427CDE9D6AA8A /* ExportOptionsSheet.swift in Sources */ = {isa = PBXBuildFile; fileRef = D2B3A42A8B999B8EDAA3E26A /* ExportOptionsSheet.swift */; };
		043376B973660742AFF82910 /* WorkspaceIdentityModels.swift in Sources */ = {isa = PBXBuildFile; fileRef = 666C4F0A01E0A156EE112374 /* WorkspaceIdentityModels.swift */; };
		0734F9D5E001A3181A600930 /* BlockEditorBinding.swift in Sources */ = {isa = PBXBuildFile; fileRef = 8C1957139B2D2007016F13C0 /* BlockEditorBinding.swift */; };
		0A25B1BE45A64B514BAA5A9D /* WorkspaceAccountPresentation.swift in Sources */ = {isa = PBXBuildFile; fileRef = 7335F92854F71E9641BCED46 /* WorkspaceAccountPresentation.swift */; };
		0AF00573C23366277E539271 /* RecoveredDraftModels.swift in Sources */ = {isa = PBXBuildFile; fileRef = 05B9394CEC393225B33FA47B /* RecoveredDraftModels.swift */; };
		0C1EE51F8901AABE3A071D1E /* WorkspaceClient.swift in Sources */ = {isa = PBXBuildFile; fileRef = D49B87853195A5413B825D29 /* WorkspaceClient.swift */; };
		0E87BD638166FA760ECAE71E /* ModelCatalog.swift in Sources */ = {isa = PBXBuildFile; fileRef = C93AFD7B0F93FB52AA69B0FE /* ModelCatalog.swift */; };
		0EBB9B025249A8A83922E0D9 /* BlockChangeAdmission.swift in Sources */ = {isa = PBXBuildFile; fileRef = 24ED135B34F7A9714A7A6676 /* BlockChangeAdmission.swift */; };
		11F45FB794C50F03B8044655 /* ICloudLibraryJournalBridge.swift in Sources */ = {isa = PBXBuildFile; fileRef = 7A2C801A4EBBA954E4853190 /* ICloudLibraryJournalBridge.swift */; };
		1220785CD437903B186B9742 /* BoundedTransport.swift in Sources */ = {isa = PBXBuildFile; fileRef = C65C7CC2E73C6097010E3D1A /* BoundedTransport.swift */; };
		177D285C0C27DDBB7A192422 /* WritingLibrary.swift in Sources */ = {isa = PBXBuildFile; fileRef = C1C5B6EED527E7453850F3E5 /* WritingLibrary.swift */; };
		17C24A6C73BAB5A1DAACC17B /* WritingPreferencesSheet.swift in Sources */ = {isa = PBXBuildFile; fileRef = 6D7746A5C30035F0E0422336 /* WritingPreferencesSheet.swift */; };
		18CF1E540D7F21FD0C57AD87 /* TemplatePickerSheet.swift in Sources */ = {isa = PBXBuildFile; fileRef = BFD8F0AE7780021460927478 /* TemplatePickerSheet.swift */; };
		1F348366B3A4F5F650DDD672 /* WorkspaceAccountRuntime.swift in Sources */ = {isa = PBXBuildFile; fileRef = 1134BF17206327DA1BA16EC2 /* WorkspaceAccountRuntime.swift */; };
		22D561F63E64C53129A943CD /* PaginatedPDF.swift in Sources */ = {isa = PBXBuildFile; fileRef = D522E9439440CF5EC180000F /* PaginatedPDF.swift */; };
		23C0A80714049FA25B9B36C5 /* MarkdownTextEditor.swift in Sources */ = {isa = PBXBuildFile; fileRef = CD8C026A5B07D6C14CC0A417 /* MarkdownTextEditor.swift */; };
		240D7B42FF8645CDD59C3378 /* MarkdownPreview.swift in Sources */ = {isa = PBXBuildFile; fileRef = 9128F322B6ABA760D3FD28A0 /* MarkdownPreview.swift */; };
		2585B7083E20D3F014624EC4 /* AttachmentAudit.swift in Sources */ = {isa = PBXBuildFile; fileRef = 1437C4B90142870FD498E12C /* AttachmentAudit.swift */; };
		2752160EA8BABC2091B8883C /* WorkspaceModels.swift in Sources */ = {isa = PBXBuildFile; fileRef = 64F5802E57D59AB4CE198C68 /* WorkspaceModels.swift */; };
		29547F2EC1ED76CE8CD78B92 /* WorkspacePresentationAnchorReader.swift in Sources */ = {isa = PBXBuildFile; fileRef = 77CC4BC8B803361D850C7632 /* WorkspacePresentationAnchorReader.swift */; };
		29E03DBABDE791D0B4A4D5AC /* StoredZIP.swift in Sources */ = {isa = PBXBuildFile; fileRef = 1EAA1B4B9467902AFB34097B /* StoredZIP.swift */; };
		2B39F13F920582C5799A74C3 /* ICloudPageMerge.swift in Sources */ = {isa = PBXBuildFile; fileRef = 157528547060090B335B4778 /* ICloudPageMerge.swift */; };
		2C34AC4C8946EB4B39212E20 /* ManuscriptCountFooter.swift in Sources */ = {isa = PBXBuildFile; fileRef = 71E4FCE499A5D0FE13123213 /* ManuscriptCountFooter.swift */; };
		2EBCE57863F4010E4048604B /* CloudConnectionRegistry.swift in Sources */ = {isa = PBXBuildFile; fileRef = D92AE1D1A072502B1026C784 /* CloudConnectionRegistry.swift */; };
		3003FDFCD982F3B7A019F0A0 /* Markdown in Frameworks */ = {isa = PBXBuildFile; productRef = 473CB7A859EE785B6149191F /* Markdown */; };
		30B5F720323375DAB848B349 /* MarkdownDocument.swift in Sources */ = {isa = PBXBuildFile; fileRef = 342F344EFE78E9802C4992D3 /* MarkdownDocument.swift */; };
		312997CA73A432344984C335 /* WorkspaceAccountInspector.swift in Sources */ = {isa = PBXBuildFile; fileRef = 911998A62DE8D24B00E210DD /* WorkspaceAccountInspector.swift */; };
		318C72C5EE3525F27476BB1D /* PageAssistant.swift in Sources */ = {isa = PBXBuildFile; fileRef = 5809DFE4234552FDADC2C9A8 /* PageAssistant.swift */; };
		32E0263AF2866AA0615554F6 /* WorkspaceAccountCoordinator.swift in Sources */ = {isa = PBXBuildFile; fileRef = 0E8FBEC164310A4E5BE8243A /* WorkspaceAccountCoordinator.swift */; };
		347A39F78E7512FA83E3BEF2 /* BlockNativeEditor.swift in Sources */ = {isa = PBXBuildFile; fileRef = 321C7F70374C62B615E51EC0 /* BlockNativeEditor.swift */; };
		37C20A55E1D62403E0C16AAB /* ExportLivePreview.swift in Sources */ = {isa = PBXBuildFile; fileRef = 5009AC81044E4A2068496B56 /* ExportLivePreview.swift */; };
		3B203C29DF4D5AF07758A136 /* GrammarContinuationGate.swift in Sources */ = {isa = PBXBuildFile; fileRef = 4C5131FD521B986F7083F5FD /* GrammarContinuationGate.swift */; };
		3C303AD97278893E2048BC2A /* NativeWritingReviewer.swift in Sources */ = {isa = PBXBuildFile; fileRef = 767AC52BD6CD38FF7C148EA6 /* NativeWritingReviewer.swift */; };
		3FE3D34F0E1E698C6C379E67 /* WorkspaceKeychainCredentialStore.swift in Sources */ = {isa = PBXBuildFile; fileRef = AA5F413BF2C3CA805545800A /* WorkspaceKeychainCredentialStore.swift */; };
		432808E5621DC340477F65CE /* ExportTheme.swift in Sources */ = {isa = PBXBuildFile; fileRef = E8A22AB7F80DD73451E3B533 /* ExportTheme.swift */; };
		439301099F46B724EE5FDDED /* Credentials.swift in Sources */ = {isa = PBXBuildFile; fileRef = 73E1D825DC8AF3F433A45B17 /* Credentials.swift */; };
		449BDF4E569C60357DB25FC7 /* ICloudLibrarySyncBinding.swift in Sources */ = {isa = PBXBuildFile; fileRef = 44EF2E7A2A94325699CE9E0D /* ICloudLibrarySyncBinding.swift */; };
		46EF3FA46E48850D9C0A6F9A /* PaperAppearance.swift in Sources */ = {isa = PBXBuildFile; fileRef = EBA889963A9F372F05C0A26C /* PaperAppearance.swift */; };
		4787990C1B9C5359E0146A10 /* ICloudSyncJournal.swift in Sources */ = {isa = PBXBuildFile; fileRef = 2C13EF00AC71CDD5B7DAC617 /* ICloudSyncJournal.swift */; };
		489D0257AD42A14C93106F65 /* WorkspaceWire.swift in Sources */ = {isa = PBXBuildFile; fileRef = 05DB34C5A2AAA07FAA807DA5 /* WorkspaceWire.swift */; };
		490C07A71C336AC0A2BE1751 /* SemanticDocument.swift in Sources */ = {isa = PBXBuildFile; fileRef = 381A8601357AE4AAD2844EFF /* SemanticDocument.swift */; };
		496B31C55085100B854AEA0B /* WorkspaceDeploymentBundleLoader.swift in Sources */ = {isa = PBXBuildFile; fileRef = FC6F53F953EEA88ACFE2B877 /* WorkspaceDeploymentBundleLoader.swift */; };
		4FDE6D0F9EDC8A4FA6FB8A52 /* WorkspaceAppleAuthorization.swift in Sources */ = {isa = PBXBuildFile; fileRef = 877C298760FEED0C6DD6FAD9 /* WorkspaceAppleAuthorization.swift */; };
		51B9FD91006C8CC3B9B9206A /* WorkspaceIdentitySessionState.swift in Sources */ = {isa = PBXBuildFile; fileRef = 9274A3DF37FD344850FA041F /* WorkspaceIdentitySessionState.swift */; };
		51BB34F6504D022DA4F6A708 /* LanguageToolClient.swift in Sources */ = {isa = PBXBuildFile; fileRef = 7B98C0B9E84F8E0B480D84AF /* LanguageToolClient.swift */; };
		56FF411017AC0FBCD87095C8 /* RecoveredDraft.swift in Sources */ = {isa = PBXBuildFile; fileRef = 57D08FD9ED2160B324EE59FA /* RecoveredDraft.swift */; };
		575402CF7E4BCADD6E8C9A29 /* PageToolsSheet.swift in Sources */ = {isa = PBXBuildFile; fileRef = 0E50703B872A39FA0EB54F59 /* PageToolsSheet.swift */; };
		57A8D09DEC2322E3B7327146 /* OIDCVerifier.swift in Sources */ = {isa = PBXBuildFile; fileRef = 2B22A9DC5831E429ECC56807 /* OIDCVerifier.swift */; };
		5BB42DA2FBC912E1E5A67D23 /* ICloudLibrarySession.swift in Sources */ = {isa = PBXBuildFile; fileRef = 640A18E90C4100A6C35ECA39 /* ICloudLibrarySession.swift */; };
		5C8F864EFED66AB47939192A /* LibraryStore.swift in Sources */ = {isa = PBXBuildFile; fileRef = 6417153992094E1FE4B3F871 /* LibraryStore.swift */; };
		5CE5A507825DBA8BEA0128FA /* WorkspaceWindowRegistry.swift in Sources */ = {isa = PBXBuildFile; fileRef = A9361507EDEFF99849383023 /* WorkspaceWindowRegistry.swift */; };
		61870885C06D16AFF1918520 /* AIProvider.swift in Sources */ = {isa = PBXBuildFile; fileRef = 0F6DB2CB858C926F27A50E61 /* AIProvider.swift */; };
		64AB776B21BC8AC193419893 /* WorkspaceLibraryDiscoveryAccess.swift in Sources */ = {isa = PBXBuildFile; fileRef = 5761803E9DCCECAEFAD27727 /* WorkspaceLibraryDiscoveryAccess.swift */; };
		6B3DF941C6531F859462CE1F /* AdmissionDenialRepository.swift in Sources */ = {isa = PBXBuildFile; fileRef = FDD7938EBB172D9DE1253373 /* AdmissionDenialRepository.swift */; };
		6E1A723DEB52FBC0CDE471FB /* WorkspaceAccountSheetRequest.swift in Sources */ = {isa = PBXBuildFile; fileRef = 9C3A1C110B65E7D74F76ECD9 /* WorkspaceAccountSheetRequest.swift */; };
		713C1FF6158CCD5E80752A99 /* LaunchScreen.storyboard in Resources */ = {isa = PBXBuildFile; fileRef = D4AB242DCB35368A4A82735B /* LaunchScreen.storyboard */; };
		7389829D383008A49CAECA92 /* PageReviewPanel.swift in Sources */ = {isa = PBXBuildFile; fileRef = 9AE9893858C4BEF192806CC2 /* PageReviewPanel.swift */; };
		757E49E479D4512669A6B1C7 /* WritingPreferencesStorage.swift in Sources */ = {isa = PBXBuildFile; fileRef = C796E5CB48B7D7F55D951E0F /* WritingPreferencesStorage.swift */; };
		794F1C5A6C8D2FA6F39E168B /* PrivacyInfo.xcprivacy in Resources */ = {isa = PBXBuildFile; fileRef = ECE6D132722E84A775195411 /* PrivacyInfo.xcprivacy */; };
		7B07FEDE031E9F0BF5CE44A7 /* PageTableSession.swift in Sources */ = {isa = PBXBuildFile; fileRef = E3EAEFF8ABDE0617D008DA4E /* PageTableSession.swift */; };
		7D5DA77AC58F5B460D70B965 /* TableEditingSheet.swift in Sources */ = {isa = PBXBuildFile; fileRef = D0D041458B6F901450823D63 /* TableEditingSheet.swift */; };
		87298631F606E3B5887BBAB2 /* EditJournal.swift in Sources */ = {isa = PBXBuildFile; fileRef = 4C6DEA27FB582F09F33AE731 /* EditJournal.swift */; };
		88DD1359A8427DDE5E6B60FC /* WorkspaceAccountEnvironment.swift in Sources */ = {isa = PBXBuildFile; fileRef = 02424BF78634A2648DCD6320 /* WorkspaceAccountEnvironment.swift */; };
		894870DB05830D5CA54F494B /* ChatGPTPlanProvider.swift in Sources */ = {isa = PBXBuildFile; fileRef = ABA73B2BADF5D8D00717E436 /* ChatGPTPlanProvider.swift */; };
		8B7488E47A9AC19679787636 /* WorkflowSupport.swift in Sources */ = {isa = PBXBuildFile; fileRef = 86C71ECA7DA0C76B50A3DE3C /* WorkflowSupport.swift */; };
		8D0F558A37D57111D29D5AC0 /* Models.swift in Sources */ = {isa = PBXBuildFile; fileRef = 9439160129A1C7393953E70E /* Models.swift */; };
		8E6B27330EA5A716A18DC1AA /* WorkspaceLibraryPickerPresentation.swift in Sources */ = {isa = PBXBuildFile; fileRef = 2F4B927D0C1424EB7D1288E1 /* WorkspaceLibraryPickerPresentation.swift */; };
		98FB71A24067434B992F82EF /* LibraryStoragePaths.swift in Sources */ = {isa = PBXBuildFile; fileRef = 17D7F10D1C1CE050A454D46D /* LibraryStoragePaths.swift */; };
		9BAD2201967881CC248448B1 /* QualityCore.swift in Sources */ = {isa = PBXBuildFile; fileRef = 18DF69A93742DBB0EA8BC11F /* QualityCore.swift */; };
		9BBB9588E0BF47C56FE9FFFA /* AttachmentDashboardSheet.swift in Sources */ = {isa = PBXBuildFile; fileRef = 1A5DD0C63CC1CFE1C05BD39A /* AttachmentDashboardSheet.swift */; };
		9E1CB3802F95BAB6AE4893E7 /* ExternalMarkdownView.swift in Sources */ = {isa = PBXBuildFile; fileRef = 9BB2B6C44FAB1D0C0364DFA5 /* ExternalMarkdownView.swift */; };
		A15BD8EAB26261BBF8325109 /* SkriptumApp.swift in Sources */ = {isa = PBXBuildFile; fileRef = E2FEC015CBA19F4DF103BE0C /* SkriptumApp.swift */; };
		A224F4ACC2ADE23E3D4CEE1C /* KeychainCredentialStore.swift in Sources */ = {isa = PBXBuildFile; fileRef = FC8A218A7D384D04C88EEF7C /* KeychainCredentialStore.swift */; };
		A2A5868ED37ECF2B8734EDC5 /* WorkspaceIdentityClient.swift in Sources */ = {isa = PBXBuildFile; fileRef = D7FFC7B2A0F52B661092C284 /* WorkspaceIdentityClient.swift */; };
		A3441FE039EA4E6091C1F23E /* HTMLRenderer.swift in Sources */ = {isa = PBXBuildFile; fileRef = B9FA27560BEC76BAD725AC86 /* HTMLRenderer.swift */; };
		A4F30722A712254853DAC16E /* BlockWritingView.swift in Sources */ = {isa = PBXBuildFile; fileRef = BA24F4E04249AB74D61AACF9 /* BlockWritingView.swift */; };
		A61639B9CCEBA52A0ED2757F /* EPUBRenderer.swift in Sources */ = {isa = PBXBuildFile; fileRef = 0D7117D35C939CAE42DA4012 /* EPUBRenderer.swift */; };
		A91EBCFE5B826ED68F6A4F5C /* RecoveryArchive.swift in Sources */ = {isa = PBXBuildFile; fileRef = ACAE8CC83515CA6133662BE5 /* RecoveryArchive.swift */; };
		AA7E51608B1D55DF54ED1814 /* WorkspaceLibraryMetadata.swift in Sources */ = {isa = PBXBuildFile; fileRef = EEE9C00FE6FFF7754EA3A769 /* WorkspaceLibraryMetadata.swift */; };
		AAD5B335E5CEBB2807A96232 /* ApplePCCProvider.swift in Sources */ = {isa = PBXBuildFile; fileRef = 2DCBC5C8823F377997020893 /* ApplePCCProvider.swift */; };
		AE1F6067E214F15B5FFAF010 /* WorkspaceVerificationTLSAnchor.swift in Sources */ = {isa = PBXBuildFile; fileRef = 9690844E6BA03950EAC38E33 /* WorkspaceVerificationTLSAnchor.swift */; };
		B3B79CFA0D7AE0B0A0B9CF1D /* PageNavigation.swift in Sources */ = {isa = PBXBuildFile; fileRef = 1803ABF23FFD9B4975E32D92 /* PageNavigation.swift */; };
		B3E63DC5CA5F79700C79E814 /* BlockEditing.swift in Sources */ = {isa = PBXBuildFile; fileRef = 5EA1F6805CD486FB5516D353 /* BlockEditing.swift */; };
		B76019D3C5F8649BEAD1E7B0 /* WorkspaceLibraryPickerView.swift in Sources */ = {isa = PBXBuildFile; fileRef = 5B6DF4EE7EBE1114DF76ED35 /* WorkspaceLibraryPickerView.swift */; };
		B8B78F95FED73455F0CF8BEB /* ProposalReceipt.swift in Sources */ = {isa = PBXBuildFile; fileRef = 96D695CEB54CEE5E0BBF24F1 /* ProposalReceipt.swift */; };
		BCAC945BF4DAC548D86E4087 /* WorkspaceCredentialAdmission.swift in Sources */ = {isa = PBXBuildFile; fileRef = 925D9744CBD96BE79921EB05 /* WorkspaceCredentialAdmission.swift */; };
		BEE5EDF9CE3EC27BF21425ED /* PageLinksSheet.swift in Sources */ = {isa = PBXBuildFile; fileRef = 7DB122256DF7646751E7A412 /* PageLinksSheet.swift */; };
		BF2814D4EAE8EFB135A24ECC /* WorkspaceLibraryPickerCoordinator.swift in Sources */ = {isa = PBXBuildFile; fileRef = BBC87824D16ED0BB095247C9 /* WorkspaceLibraryPickerCoordinator.swift */; };
		C063E44868A9557D340BF71B /* WritingPreferences.swift in Sources */ = {isa = PBXBuildFile; fileRef = EA68A400FC3C14C7A2926CCB /* WritingPreferences.swift */; };
		CB8F7DC62328651DC1D0B34A /* MarkdownReconciler.swift in Sources */ = {isa = PBXBuildFile; fileRef = 6922F0F034D619DD41C5CDBA /* MarkdownReconciler.swift */; };
		CD0027B2AF4D42ADF4B1D79A /* WorkspaceFileTypes.swift in Sources */ = {isa = PBXBuildFile; fileRef = B4E7F77D93A17A0AF015448E /* WorkspaceFileTypes.swift */; };
		D818049601F6F7FB122A5C48 /* NativeSignIn.swift in Sources */ = {isa = PBXBuildFile; fileRef = A6EC79C939EF075EE36C25F9 /* NativeSignIn.swift */; };
		D84E904782DE596BF7FDE0F8 /* OAuth.swift in Sources */ = {isa = PBXBuildFile; fileRef = BC48BE6BEAD4C10CD3CF6651 /* OAuth.swift */; };
		D9B5C540197E8E4EE366F79A /* WorkspaceSystemContainerRoots.swift in Sources */ = {isa = PBXBuildFile; fileRef = 6B276B50BF1AC283AC2104F1 /* WorkspaceSystemContainerRoots.swift */; };
		DAF2C08182A37AA2002CC2DC /* AttachmentInventory.swift in Sources */ = {isa = PBXBuildFile; fileRef = 2651F99F22C388D42E3F9E7E /* AttachmentInventory.swift */; };
		DE0B27340470715CFFB93F55 /* ICloudSyncEngine.swift in Sources */ = {isa = PBXBuildFile; fileRef = 545ED1001975726C9344E19E /* ICloudSyncEngine.swift */; };
		DE1B614565971D0CA06A60F5 /* BlockEditorCommand.swift in Sources */ = {isa = PBXBuildFile; fileRef = A405C52BF38373AB361DA5FE /* BlockEditorCommand.swift */; };
		E40DB1E2F27F94B728EF7ADE /* WorkspaceIdentityWire.swift in Sources */ = {isa = PBXBuildFile; fileRef = DC496D18FE238B2CC06FCC12 /* WorkspaceIdentityWire.swift */; };
		E4D400E23F238311FF231C3D /* WorkspaceIdentityDeletionStartControl.swift in Sources */ = {isa = PBXBuildFile; fileRef = 5A8214355E8189FF4472EC52 /* WorkspaceIdentityDeletionStartControl.swift */; };
		E6BA5A24E0103C9AA972D60C /* BlogRenderer.swift in Sources */ = {isa = PBXBuildFile; fileRef = 80878AF8B637DF8F326EA489 /* BlogRenderer.swift */; };
		E8A7EF3C98DD6DC3CD465D73 /* PageWritingView.swift in Sources */ = {isa = PBXBuildFile; fileRef = 750BC7004B0362937A17A861 /* PageWritingView.swift */; };
		E8AE82A6E1E5AE6292E1870A /* WritingQualitySheet.swift in Sources */ = {isa = PBXBuildFile; fileRef = 09D4A82878B9953087DE5FAA /* WritingQualitySheet.swift */; };
		EB2C04A6ED9E3967B1DE0DB7 /* ICloudLibraryProjection.swift in Sources */ = {isa = PBXBuildFile; fileRef = 3425B064EE89EF707436A6D7 /* ICloudLibraryProjection.swift */; };
		EB8EBD3184EB57F637AD1C27 /* AssistantPanel.swift in Sources */ = {isa = PBXBuildFile; fileRef = 974CFDAF21F5358FA9028AE2 /* AssistantPanel.swift */; };
		EB9F680346EA6EE2CB7259B1 /* PageLinks.swift in Sources */ = {isa = PBXBuildFile; fileRef = F9BBD942900AAFCCDB2191A8 /* PageLinks.swift */; };
		ED5C22B99B1E02BCBA9FF125 /* ICloudSettingsView.swift in Sources */ = {isa = PBXBuildFile; fileRef = 0E7735B6FB4A441B4FA6FB10 /* ICloudSettingsView.swift */; };
		F158BC9A41A7497CF86C0C5B /* PageContent.swift in Sources */ = {isa = PBXBuildFile; fileRef = BE2D3E745014C8CC45854A9B /* PageContent.swift */; };
		F15D5A7615586AF1986B7B43 /* BlockMutation.swift in Sources */ = {isa = PBXBuildFile; fileRef = 3B6148D79F1B595A9A925C5C /* BlockMutation.swift */; };
		F41ED7C4C62EBDC21D905846 /* EditorNotification.swift in Sources */ = {isa = PBXBuildFile; fileRef = FF6F09331882E1899B516AC2 /* EditorNotification.swift */; };
		F609B30D3FAAFCA1CB3A11F4 /* WritingNavigation.swift in Sources */ = {isa = PBXBuildFile; fileRef = B9D243C3CC6A6FFC7CF8F748 /* WritingNavigation.swift */; };
		F61936BBC227F318E832B83A /* DOCXRenderer.swift in Sources */ = {isa = PBXBuildFile; fileRef = 299B1C848E9C399576C1E548 /* DOCXRenderer.swift */; };
		F780735753347DE8CEC7DEA2 /* ICloudPagePayload.swift in Sources */ = {isa = PBXBuildFile; fileRef = 7446DAA9F397A646E9BADFB7 /* ICloudPagePayload.swift */; };
		F8EE2280A026333B7C127AC9 /* WorkspaceDeploymentConfiguration.swift in Sources */ = {isa = PBXBuildFile; fileRef = 71873523641115E501273641 /* WorkspaceDeploymentConfiguration.swift */; };
		FAD7473EA9C331EA1A2DE56C /* LibraryPageTools.swift in Sources */ = {isa = PBXBuildFile; fileRef = F354F7B3360C360403C52149 /* LibraryPageTools.swift */; };
		FB19C1FBA54E8ED678582F9B /* WorkspaceAccountState.swift in Sources */ = {isa = PBXBuildFile; fileRef = 0A94AC826C6E24B98FB6AD95 /* WorkspaceAccountState.swift */; };
		FC1E4FE89E41B9B17A7EF3C7 /* MarkdownTable.swift in Sources */ = {isa = PBXBuildFile; fileRef = EACE2892C65AEE6142D2D3DA /* MarkdownTable.swift */; };
		FF85CF3367146F5D2FDA6F6D /* Assets.xcassets in Resources */ = {isa = PBXBuildFile; fileRef = 713E5DCEA2E67F4AC5B6C110 /* Assets.xcassets */; };
/* End PBXBuildFile section */

/* Begin PBXFileReference section */
		02424BF78634A2648DCD6320 /* WorkspaceAccountEnvironment.swift */ = {isa = PBXFileReference; lastKnownFileType = sourcecode.swift; path = WorkspaceAccountEnvironment.swift; sourceTree = "<group>"; };
		05B9394CEC393225B33FA47B /* RecoveredDraftModels.swift */ = {isa = PBXFileReference; lastKnownFileType = sourcecode.swift; path = RecoveredDraftModels.swift; sourceTree = "<group>"; };
		05DB34C5A2AAA07FAA807DA5 /* WorkspaceWire.swift */ = {isa = PBXFileReference; lastKnownFileType = sourcecode.swift; path = WorkspaceWire.swift; sourceTree = "<group>"; };
		09D4A82878B9953087DE5FAA /* WritingQualitySheet.swift */ = {isa = PBXFileReference; lastKnownFileType = sourcecode.swift; path = WritingQualitySheet.swift; sourceTree = "<group>"; };
		0A94AC826C6E24B98FB6AD95 /* WorkspaceAccountState.swift */ = {isa = PBXFileReference; lastKnownFileType = sourcecode.swift; path = WorkspaceAccountState.swift; sourceTree = "<group>"; };
		0D7117D35C939CAE42DA4012 /* EPUBRenderer.swift */ = {isa = PBXFileReference; lastKnownFileType = sourcecode.swift; path = EPUBRenderer.swift; sourceTree = "<group>"; };
		0E50703B872A39FA0EB54F59 /* PageToolsSheet.swift */ = {isa = PBXFileReference; lastKnownFileType = sourcecode.swift; path = PageToolsSheet.swift; sourceTree = "<group>"; };
		0E7735B6FB4A441B4FA6FB10 /* ICloudSettingsView.swift */ = {isa = PBXFileReference; lastKnownFileType = sourcecode.swift; path = ICloudSettingsView.swift; sourceTree = "<group>"; };
		0E8FBEC164310A4E5BE8243A /* WorkspaceAccountCoordinator.swift */ = {isa = PBXFileReference; lastKnownFileType = sourcecode.swift; path = WorkspaceAccountCoordinator.swift; sourceTree = "<group>"; };
		0F6DB2CB858C926F27A50E61 /* AIProvider.swift */ = {isa = PBXFileReference; lastKnownFileType = sourcecode.swift; path = AIProvider.swift; sourceTree = "<group>"; };
		1134BF17206327DA1BA16EC2 /* WorkspaceAccountRuntime.swift */ = {isa = PBXFileReference; lastKnownFileType = sourcecode.swift; path = WorkspaceAccountRuntime.swift; sourceTree = "<group>"; };
		1437C4B90142870FD498E12C /* AttachmentAudit.swift */ = {isa = PBXFileReference; lastKnownFileType = sourcecode.swift; path = AttachmentAudit.swift; sourceTree = "<group>"; };
		157528547060090B335B4778 /* ICloudPageMerge.swift */ = {isa = PBXFileReference; lastKnownFileType = sourcecode.swift; path = ICloudPageMerge.swift; sourceTree = "<group>"; };
		17D7F10D1C1CE050A454D46D /* LibraryStoragePaths.swift */ = {isa = PBXFileReference; lastKnownFileType = sourcecode.swift; path = LibraryStoragePaths.swift; sourceTree = "<group>"; };
		1803ABF23FFD9B4975E32D92 /* PageNavigation.swift */ = {isa = PBXFileReference; lastKnownFileType = sourcecode.swift; path = PageNavigation.swift; sourceTree = "<group>"; };
		18DF69A93742DBB0EA8BC11F /* QualityCore.swift */ = {isa = PBXFileReference; lastKnownFileType = sourcecode.swift; path = QualityCore.swift; sourceTree = "<group>"; };
		1A5DD0C63CC1CFE1C05BD39A /* AttachmentDashboardSheet.swift */ = {isa = PBXFileReference; lastKnownFileType = sourcecode.swift; path = AttachmentDashboardSheet.swift; sourceTree = "<group>"; };
		1EAA1B4B9467902AFB34097B /* StoredZIP.swift */ = {isa = PBXFileReference; lastKnownFileType = sourcecode.swift; path = StoredZIP.swift; sourceTree = "<group>"; };
		23B4126BA1E3A459F2089F64 /* Skriptum.app */ = {isa = PBXFileReference; includeInIndex = 0; lastKnownFileType = wrapper.application; path = Skriptum.app; sourceTree = BUILT_PRODUCTS_DIR; };
		24ED135B34F7A9714A7A6676 /* BlockChangeAdmission.swift */ = {isa = PBXFileReference; lastKnownFileType = sourcecode.swift; path = BlockChangeAdmission.swift; sourceTree = "<group>"; };
		2651F99F22C388D42E3F9E7E /* AttachmentInventory.swift */ = {isa = PBXFileReference; lastKnownFileType = sourcecode.swift; path = AttachmentInventory.swift; sourceTree = "<group>"; };
		299B1C848E9C399576C1E548 /* DOCXRenderer.swift */ = {isa = PBXFileReference; lastKnownFileType = sourcecode.swift; path = DOCXRenderer.swift; sourceTree = "<group>"; };
		2B22A9DC5831E429ECC56807 /* OIDCVerifier.swift */ = {isa = PBXFileReference; lastKnownFileType = sourcecode.swift; path = OIDCVerifier.swift; sourceTree = "<group>"; };
		2C13EF00AC71CDD5B7DAC617 /* ICloudSyncJournal.swift */ = {isa = PBXFileReference; lastKnownFileType = sourcecode.swift; path = ICloudSyncJournal.swift; sourceTree = "<group>"; };
		2DCBC5C8823F377997020893 /* ApplePCCProvider.swift */ = {isa = PBXFileReference; lastKnownFileType = sourcecode.swift; path = ApplePCCProvider.swift; sourceTree = "<group>"; };
		2F4B927D0C1424EB7D1288E1 /* WorkspaceLibraryPickerPresentation.swift */ = {isa = PBXFileReference; lastKnownFileType = sourcecode.swift; path = WorkspaceLibraryPickerPresentation.swift; sourceTree = "<group>"; };
		321C7F70374C62B615E51EC0 /* BlockNativeEditor.swift */ = {isa = PBXFileReference; lastKnownFileType = sourcecode.swift; path = BlockNativeEditor.swift; sourceTree = "<group>"; };
		3425B064EE89EF707436A6D7 /* ICloudLibraryProjection.swift */ = {isa = PBXFileReference; lastKnownFileType = sourcecode.swift; path = ICloudLibraryProjection.swift; sourceTree = "<group>"; };
		342F344EFE78E9802C4992D3 /* MarkdownDocument.swift */ = {isa = PBXFileReference; lastKnownFileType = sourcecode.swift; path = MarkdownDocument.swift; sourceTree = "<group>"; };
		381A8601357AE4AAD2844EFF /* SemanticDocument.swift */ = {isa = PBXFileReference; lastKnownFileType = sourcecode.swift; path = SemanticDocument.swift; sourceTree = "<group>"; };
		3B6148D79F1B595A9A925C5C /* BlockMutation.swift */ = {isa = PBXFileReference; lastKnownFileType = sourcecode.swift; path = BlockMutation.swift; sourceTree = "<group>"; };
		44EF2E7A2A94325699CE9E0D /* ICloudLibrarySyncBinding.swift */ = {isa = PBXFileReference; lastKnownFileType = sourcecode.swift; path = ICloudLibrarySyncBinding.swift; sourceTree = "<group>"; };
		4C5131FD521B986F7083F5FD /* GrammarContinuationGate.swift */ = {isa = PBXFileReference; lastKnownFileType = sourcecode.swift; path = GrammarContinuationGate.swift; sourceTree = "<group>"; };
		4C6DEA27FB582F09F33AE731 /* EditJournal.swift */ = {isa = PBXFileReference; lastKnownFileType = sourcecode.swift; path = EditJournal.swift; sourceTree = "<group>"; };
		5009AC81044E4A2068496B56 /* ExportLivePreview.swift */ = {isa = PBXFileReference; lastKnownFileType = sourcecode.swift; path = ExportLivePreview.swift; sourceTree = "<group>"; };
		545ED1001975726C9344E19E /* ICloudSyncEngine.swift */ = {isa = PBXFileReference; lastKnownFileType = sourcecode.swift; path = ICloudSyncEngine.swift; sourceTree = "<group>"; };
		5761803E9DCCECAEFAD27727 /* WorkspaceLibraryDiscoveryAccess.swift */ = {isa = PBXFileReference; lastKnownFileType = sourcecode.swift; path = WorkspaceLibraryDiscoveryAccess.swift; sourceTree = "<group>"; };
		57D08FD9ED2160B324EE59FA /* RecoveredDraft.swift */ = {isa = PBXFileReference; lastKnownFileType = sourcecode.swift; path = RecoveredDraft.swift; sourceTree = "<group>"; };
		5809DFE4234552FDADC2C9A8 /* PageAssistant.swift */ = {isa = PBXFileReference; lastKnownFileType = sourcecode.swift; path = PageAssistant.swift; sourceTree = "<group>"; };
		5A8214355E8189FF4472EC52 /* WorkspaceIdentityDeletionStartControl.swift */ = {isa = PBXFileReference; lastKnownFileType = sourcecode.swift; path = WorkspaceIdentityDeletionStartControl.swift; sourceTree = "<group>"; };
		5B6DF4EE7EBE1114DF76ED35 /* WorkspaceLibraryPickerView.swift */ = {isa = PBXFileReference; lastKnownFileType = sourcecode.swift; path = WorkspaceLibraryPickerView.swift; sourceTree = "<group>"; };
		5EA1F6805CD486FB5516D353 /* BlockEditing.swift */ = {isa = PBXFileReference; lastKnownFileType = sourcecode.swift; path = BlockEditing.swift; sourceTree = "<group>"; };
		640A18E90C4100A6C35ECA39 /* ICloudLibrarySession.swift */ = {isa = PBXFileReference; lastKnownFileType = sourcecode.swift; path = ICloudLibrarySession.swift; sourceTree = "<group>"; };
		6417153992094E1FE4B3F871 /* LibraryStore.swift */ = {isa = PBXFileReference; lastKnownFileType = sourcecode.swift; path = LibraryStore.swift; sourceTree = "<group>"; };
		64F5802E57D59AB4CE198C68 /* WorkspaceModels.swift */ = {isa = PBXFileReference; lastKnownFileType = sourcecode.swift; path = WorkspaceModels.swift; sourceTree = "<group>"; };
		666C4F0A01E0A156EE112374 /* WorkspaceIdentityModels.swift */ = {isa = PBXFileReference; lastKnownFileType = sourcecode.swift; path = WorkspaceIdentityModels.swift; sourceTree = "<group>"; };
		6922F0F034D619DD41C5CDBA /* MarkdownReconciler.swift */ = {isa = PBXFileReference; lastKnownFileType = sourcecode.swift; path = MarkdownReconciler.swift; sourceTree = "<group>"; };
		6B276B50BF1AC283AC2104F1 /* WorkspaceSystemContainerRoots.swift */ = {isa = PBXFileReference; lastKnownFileType = sourcecode.swift; path = WorkspaceSystemContainerRoots.swift; sourceTree = "<group>"; };
		6D7746A5C30035F0E0422336 /* WritingPreferencesSheet.swift */ = {isa = PBXFileReference; lastKnownFileType = sourcecode.swift; path = WritingPreferencesSheet.swift; sourceTree = "<group>"; };
		713E5DCEA2E67F4AC5B6C110 /* Assets.xcassets */ = {isa = PBXFileReference; lastKnownFileType = folder.assetcatalog; path = Assets.xcassets; sourceTree = "<group>"; };
		71873523641115E501273641 /* WorkspaceDeploymentConfiguration.swift */ = {isa = PBXFileReference; lastKnownFileType = sourcecode.swift; path = WorkspaceDeploymentConfiguration.swift; sourceTree = "<group>"; };
		71E4FCE499A5D0FE13123213 /* ManuscriptCountFooter.swift */ = {isa = PBXFileReference; lastKnownFileType = sourcecode.swift; path = ManuscriptCountFooter.swift; sourceTree = "<group>"; };
		7335F92854F71E9641BCED46 /* WorkspaceAccountPresentation.swift */ = {isa = PBXFileReference; lastKnownFileType = sourcecode.swift; path = WorkspaceAccountPresentation.swift; sourceTree = "<group>"; };
		73E1D825DC8AF3F433A45B17 /* Credentials.swift */ = {isa = PBXFileReference; lastKnownFileType = sourcecode.swift; path = Credentials.swift; sourceTree = "<group>"; };
		7446DAA9F397A646E9BADFB7 /* ICloudPagePayload.swift */ = {isa = PBXFileReference; lastKnownFileType = sourcecode.swift; path = ICloudPagePayload.swift; sourceTree = "<group>"; };
		750BC7004B0362937A17A861 /* PageWritingView.swift */ = {isa = PBXFileReference; lastKnownFileType = sourcecode.swift; path = PageWritingView.swift; sourceTree = "<group>"; };
		767AC52BD6CD38FF7C148EA6 /* NativeWritingReviewer.swift */ = {isa = PBXFileReference; lastKnownFileType = sourcecode.swift; path = NativeWritingReviewer.swift; sourceTree = "<group>"; };
		77CC4BC8B803361D850C7632 /* WorkspacePresentationAnchorReader.swift */ = {isa = PBXFileReference; lastKnownFileType = sourcecode.swift; path = WorkspacePresentationAnchorReader.swift; sourceTree = "<group>"; };
		7A2C801A4EBBA954E4853190 /* ICloudLibraryJournalBridge.swift */ = {isa = PBXFileReference; lastKnownFileType = sourcecode.swift; path = ICloudLibraryJournalBridge.swift; sourceTree = "<group>"; };
		7B98C0B9E84F8E0B480D84AF /* LanguageToolClient.swift */ = {isa = PBXFileReference; lastKnownFileType = sourcecode.swift; path = LanguageToolClient.swift; sourceTree = "<group>"; };
		7DB122256DF7646751E7A412 /* PageLinksSheet.swift */ = {isa = PBXFileReference; lastKnownFileType = sourcecode.swift; path = PageLinksSheet.swift; sourceTree = "<group>"; };
		80878AF8B637DF8F326EA489 /* BlogRenderer.swift */ = {isa = PBXFileReference; lastKnownFileType = sourcecode.swift; path = BlogRenderer.swift; sourceTree = "<group>"; };
		86C71ECA7DA0C76B50A3DE3C /* WorkflowSupport.swift */ = {isa = PBXFileReference; lastKnownFileType = sourcecode.swift; path = WorkflowSupport.swift; sourceTree = "<group>"; };
		877C298760FEED0C6DD6FAD9 /* WorkspaceAppleAuthorization.swift */ = {isa = PBXFileReference; lastKnownFileType = sourcecode.swift; path = WorkspaceAppleAuthorization.swift; sourceTree = "<group>"; };
		8C1957139B2D2007016F13C0 /* BlockEditorBinding.swift */ = {isa = PBXFileReference; lastKnownFileType = sourcecode.swift; path = BlockEditorBinding.swift; sourceTree = "<group>"; };
		911998A62DE8D24B00E210DD /* WorkspaceAccountInspector.swift */ = {isa = PBXFileReference; lastKnownFileType = sourcecode.swift; path = WorkspaceAccountInspector.swift; sourceTree = "<group>"; };
		9128F322B6ABA760D3FD28A0 /* MarkdownPreview.swift */ = {isa = PBXFileReference; lastKnownFileType = sourcecode.swift; path = MarkdownPreview.swift; sourceTree = "<group>"; };
		925D9744CBD96BE79921EB05 /* WorkspaceCredentialAdmission.swift */ = {isa = PBXFileReference; lastKnownFileType = sourcecode.swift; path = WorkspaceCredentialAdmission.swift; sourceTree = "<group>"; };
		9274A3DF37FD344850FA041F /* WorkspaceIdentitySessionState.swift */ = {isa = PBXFileReference; lastKnownFileType = sourcecode.swift; path = WorkspaceIdentitySessionState.swift; sourceTree = "<group>"; };
		9439160129A1C7393953E70E /* Models.swift */ = {isa = PBXFileReference; lastKnownFileType = sourcecode.swift; path = Models.swift; sourceTree = "<group>"; };
		9690844E6BA03950EAC38E33 /* WorkspaceVerificationTLSAnchor.swift */ = {isa = PBXFileReference; lastKnownFileType = sourcecode.swift; path = WorkspaceVerificationTLSAnchor.swift; sourceTree = "<group>"; };
		96D695CEB54CEE5E0BBF24F1 /* ProposalReceipt.swift */ = {isa = PBXFileReference; lastKnownFileType = sourcecode.swift; path = ProposalReceipt.swift; sourceTree = "<group>"; };
		974CFDAF21F5358FA9028AE2 /* AssistantPanel.swift */ = {isa = PBXFileReference; lastKnownFileType = sourcecode.swift; path = AssistantPanel.swift; sourceTree = "<group>"; };
		9AE9893858C4BEF192806CC2 /* PageReviewPanel.swift */ = {isa = PBXFileReference; lastKnownFileType = sourcecode.swift; path = PageReviewPanel.swift; sourceTree = "<group>"; };
		9BB2B6C44FAB1D0C0364DFA5 /* ExternalMarkdownView.swift */ = {isa = PBXFileReference; lastKnownFileType = sourcecode.swift; path = ExternalMarkdownView.swift; sourceTree = "<group>"; };
		9C3A1C110B65E7D74F76ECD9 /* WorkspaceAccountSheetRequest.swift */ = {isa = PBXFileReference; lastKnownFileType = sourcecode.swift; path = WorkspaceAccountSheetRequest.swift; sourceTree = "<group>"; };
		A147E50267737246BE0DF1F5 /* CloudLibraryBinding.swift */ = {isa = PBXFileReference; lastKnownFileType = sourcecode.swift; path = CloudLibraryBinding.swift; sourceTree = "<group>"; };
		A405C52BF38373AB361DA5FE /* BlockEditorCommand.swift */ = {isa = PBXFileReference; lastKnownFileType = sourcecode.swift; path = BlockEditorCommand.swift; sourceTree = "<group>"; };
		A6EC79C939EF075EE36C25F9 /* NativeSignIn.swift */ = {isa = PBXFileReference; lastKnownFileType = sourcecode.swift; path = NativeSignIn.swift; sourceTree = "<group>"; };
		A9361507EDEFF99849383023 /* WorkspaceWindowRegistry.swift */ = {isa = PBXFileReference; lastKnownFileType = sourcecode.swift; path = WorkspaceWindowRegistry.swift; sourceTree = "<group>"; };
		AA5F413BF2C3CA805545800A /* WorkspaceKeychainCredentialStore.swift */ = {isa = PBXFileReference; lastKnownFileType = sourcecode.swift; path = WorkspaceKeychainCredentialStore.swift; sourceTree = "<group>"; };
		ABA73B2BADF5D8D00717E436 /* ChatGPTPlanProvider.swift */ = {isa = PBXFileReference; lastKnownFileType = sourcecode.swift; path = ChatGPTPlanProvider.swift; sourceTree = "<group>"; };
		ACAE8CC83515CA6133662BE5 /* RecoveryArchive.swift */ = {isa = PBXFileReference; lastKnownFileType = sourcecode.swift; path = RecoveryArchive.swift; sourceTree = "<group>"; };
		B4E7F77D93A17A0AF015448E /* WorkspaceFileTypes.swift */ = {isa = PBXFileReference; lastKnownFileType = sourcecode.swift; path = WorkspaceFileTypes.swift; sourceTree = "<group>"; };
		B9D243C3CC6A6FFC7CF8F748 /* WritingNavigation.swift */ = {isa = PBXFileReference; lastKnownFileType = sourcecode.swift; path = WritingNavigation.swift; sourceTree = "<group>"; };
		B9FA27560BEC76BAD725AC86 /* HTMLRenderer.swift */ = {isa = PBXFileReference; lastKnownFileType = sourcecode.swift; path = HTMLRenderer.swift; sourceTree = "<group>"; };
		BA24F4E04249AB74D61AACF9 /* BlockWritingView.swift */ = {isa = PBXFileReference; lastKnownFileType = sourcecode.swift; path = BlockWritingView.swift; sourceTree = "<group>"; };
		BBC87824D16ED0BB095247C9 /* WorkspaceLibraryPickerCoordinator.swift */ = {isa = PBXFileReference; lastKnownFileType = sourcecode.swift; path = WorkspaceLibraryPickerCoordinator.swift; sourceTree = "<group>"; };
		BC48BE6BEAD4C10CD3CF6651 /* OAuth.swift */ = {isa = PBXFileReference; lastKnownFileType = sourcecode.swift; path = OAuth.swift; sourceTree = "<group>"; };
		BE2D3E745014C8CC45854A9B /* PageContent.swift */ = {isa = PBXFileReference; lastKnownFileType = sourcecode.swift; path = PageContent.swift; sourceTree = "<group>"; };
		BFD8F0AE7780021460927478 /* TemplatePickerSheet.swift */ = {isa = PBXFileReference; lastKnownFileType = sourcecode.swift; path = TemplatePickerSheet.swift; sourceTree = "<group>"; };
		C1C5B6EED527E7453850F3E5 /* WritingLibrary.swift */ = {isa = PBXFileReference; lastKnownFileType = sourcecode.swift; path = WritingLibrary.swift; sourceTree = "<group>"; };
		C65C7CC2E73C6097010E3D1A /* BoundedTransport.swift */ = {isa = PBXFileReference; lastKnownFileType = sourcecode.swift; path = BoundedTransport.swift; sourceTree = "<group>"; };
		C796E5CB48B7D7F55D951E0F /* WritingPreferencesStorage.swift */ = {isa = PBXFileReference; lastKnownFileType = sourcecode.swift; path = WritingPreferencesStorage.swift; sourceTree = "<group>"; };
		C93AFD7B0F93FB52AA69B0FE /* ModelCatalog.swift */ = {isa = PBXFileReference; lastKnownFileType = sourcecode.swift; path = ModelCatalog.swift; sourceTree = "<group>"; };
		CD8C026A5B07D6C14CC0A417 /* MarkdownTextEditor.swift */ = {isa = PBXFileReference; lastKnownFileType = sourcecode.swift; path = MarkdownTextEditor.swift; sourceTree = "<group>"; };
		D0D041458B6F901450823D63 /* TableEditingSheet.swift */ = {isa = PBXFileReference; lastKnownFileType = sourcecode.swift; path = TableEditingSheet.swift; sourceTree = "<group>"; };
		D2B3A42A8B999B8EDAA3E26A /* ExportOptionsSheet.swift */ = {isa = PBXFileReference; lastKnownFileType = sourcecode.swift; path = ExportOptionsSheet.swift; sourceTree = "<group>"; };
		D49B87853195A5413B825D29 /* WorkspaceClient.swift */ = {isa = PBXFileReference; lastKnownFileType = sourcecode.swift; path = WorkspaceClient.swift; sourceTree = "<group>"; };
		D4AB242DCB35368A4A82735B /* LaunchScreen.storyboard */ = {isa = PBXFileReference; lastKnownFileType = file.storyboard; path = LaunchScreen.storyboard; sourceTree = "<group>"; };
		D522E9439440CF5EC180000F /* PaginatedPDF.swift */ = {isa = PBXFileReference; lastKnownFileType = sourcecode.swift; path = PaginatedPDF.swift; sourceTree = "<group>"; };
		D7FFC7B2A0F52B661092C284 /* WorkspaceIdentityClient.swift */ = {isa = PBXFileReference; lastKnownFileType = sourcecode.swift; path = WorkspaceIdentityClient.swift; sourceTree = "<group>"; };
		D92AE1D1A072502B1026C784 /* CloudConnectionRegistry.swift */ = {isa = PBXFileReference; lastKnownFileType = sourcecode.swift; path = CloudConnectionRegistry.swift; sourceTree = "<group>"; };
		DC496D18FE238B2CC06FCC12 /* WorkspaceIdentityWire.swift */ = {isa = PBXFileReference; lastKnownFileType = sourcecode.swift; path = WorkspaceIdentityWire.swift; sourceTree = "<group>"; };
		E2FEC015CBA19F4DF103BE0C /* SkriptumApp.swift */ = {isa = PBXFileReference; lastKnownFileType = sourcecode.swift; path = SkriptumApp.swift; sourceTree = "<group>"; };
		E3EAEFF8ABDE0617D008DA4E /* PageTableSession.swift */ = {isa = PBXFileReference; lastKnownFileType = sourcecode.swift; path = PageTableSession.swift; sourceTree = "<group>"; };
		E8A22AB7F80DD73451E3B533 /* ExportTheme.swift */ = {isa = PBXFileReference; lastKnownFileType = sourcecode.swift; path = ExportTheme.swift; sourceTree = "<group>"; };
		EA68A400FC3C14C7A2926CCB /* WritingPreferences.swift */ = {isa = PBXFileReference; lastKnownFileType = sourcecode.swift; path = WritingPreferences.swift; sourceTree = "<group>"; };
		EACE2892C65AEE6142D2D3DA /* MarkdownTable.swift */ = {isa = PBXFileReference; lastKnownFileType = sourcecode.swift; path = MarkdownTable.swift; sourceTree = "<group>"; };
		EBA889963A9F372F05C0A26C /* PaperAppearance.swift */ = {isa = PBXFileReference; lastKnownFileType = sourcecode.swift; path = PaperAppearance.swift; sourceTree = "<group>"; };
		ECE6D132722E84A775195411 /* PrivacyInfo.xcprivacy */ = {isa = PBXFileReference; path = PrivacyInfo.xcprivacy; sourceTree = "<group>"; };
		EEE9C00FE6FFF7754EA3A769 /* WorkspaceLibraryMetadata.swift */ = {isa = PBXFileReference; lastKnownFileType = sourcecode.swift; path = WorkspaceLibraryMetadata.swift; sourceTree = "<group>"; };
		F354F7B3360C360403C52149 /* LibraryPageTools.swift */ = {isa = PBXFileReference; lastKnownFileType = sourcecode.swift; path = LibraryPageTools.swift; sourceTree = "<group>"; };
		F9BBD942900AAFCCDB2191A8 /* PageLinks.swift */ = {isa = PBXFileReference; lastKnownFileType = sourcecode.swift; path = PageLinks.swift; sourceTree = "<group>"; };
		FC6F53F953EEA88ACFE2B877 /* WorkspaceDeploymentBundleLoader.swift */ = {isa = PBXFileReference; lastKnownFileType = sourcecode.swift; path = WorkspaceDeploymentBundleLoader.swift; sourceTree = "<group>"; };
		FC8A218A7D384D04C88EEF7C /* KeychainCredentialStore.swift */ = {isa = PBXFileReference; lastKnownFileType = sourcecode.swift; path = KeychainCredentialStore.swift; sourceTree = "<group>"; };
		FDD7938EBB172D9DE1253373 /* AdmissionDenialRepository.swift */ = {isa = PBXFileReference; lastKnownFileType = sourcecode.swift; path = AdmissionDenialRepository.swift; sourceTree = "<group>"; };
		FF6F09331882E1899B516AC2 /* EditorNotification.swift */ = {isa = PBXFileReference; lastKnownFileType = sourcecode.swift; path = EditorNotification.swift; sourceTree = "<group>"; };
/* End PBXFileReference section */

/* Begin PBXFrameworksBuildPhase section */
		94EC8610AF9111E74462726F /* Frameworks */ = {
			isa = PBXFrameworksBuildPhase;
			buildActionMask = 2147483647;
			files = (
				3003FDFCD982F3B7A019F0A0 /* Markdown in Frameworks */,
			);
			runOnlyForDeploymentPostprocessing = 0;
		};
/* End PBXFrameworksBuildPhase section */

/* Begin PBXGroup section */
		1B59F371365E8C2B5DEBCAB7 /* SkriptumAI */ = {
			isa = PBXGroup;
			children = (
				0F6DB2CB858C926F27A50E61 /* AIProvider.swift */,
				2DCBC5C8823F377997020893 /* ApplePCCProvider.swift */,
				ABA73B2BADF5D8D00717E436 /* ChatGPTPlanProvider.swift */,
				FC8A218A7D384D04C88EEF7C /* KeychainCredentialStore.swift */,
				C93AFD7B0F93FB52AA69B0FE /* ModelCatalog.swift */,
				5809DFE4234552FDADC2C9A8 /* PageAssistant.swift */,
			);
			name = SkriptumAI;
			path = Sources/SkriptumAI;
			sourceTree = "<group>";
		};
		1FAB77A8D715FC242745BF93 = {
			isa = PBXGroup;
			children = (
				1B59F371365E8C2B5DEBCAB7 /* SkriptumAI */,
				923E5FA07E84B53F742FEE0A /* SkriptumApp */,
				3F868E0434AB921703C6BDDE /* SkriptumAssistant */,
				9CA066CB9AAE8CD393B4BB67 /* SkriptumAuth */,
				881C257274CCF69F051D7370 /* SkriptumBlocks */,
				771B09346CA2892718EA8140 /* SkriptumCore */,
				CA741CFF271C85FF35DA1CEA /* SkriptumDocuments */,
				E963D1FDFDF6FFB1F4991B2F /* SkriptumExport */,
				37B817403C3B126F3F0D5F00 /* SkriptumExportUI */,
				BA7F42283A04B05F93DC2A7C /* SkriptumPageTools */,
				FF329266809D1D3C28711037 /* SkriptumWorkspaceClient */,
				38393853A471D7E4B50BA032 /* SkriptumWritingQuality */,
				90476DD2FCD4D941D86D6F28 /* Products */,
			);
			sourceTree = "<group>";
		};
		37B817403C3B126F3F0D5F00 /* SkriptumExportUI */ = {
			isa = PBXGroup;
			children = (
				5009AC81044E4A2068496B56 /* ExportLivePreview.swift */,
				D2B3A42A8B999B8EDAA3E26A /* ExportOptionsSheet.swift */,
				9128F322B6ABA760D3FD28A0 /* MarkdownPreview.swift */,
				D522E9439440CF5EC180000F /* PaginatedPDF.swift */,
			);
			name = SkriptumExportUI;
			path = Sources/SkriptumExportUI;
			sourceTree = "<group>";
		};
		38393853A471D7E4B50BA032 /* SkriptumWritingQuality */ = {
			isa = PBXGroup;
			children = (
				4C5131FD521B986F7083F5FD /* GrammarContinuationGate.swift */,
				7B98C0B9E84F8E0B480D84AF /* LanguageToolClient.swift */,
				767AC52BD6CD38FF7C148EA6 /* NativeWritingReviewer.swift */,
				18DF69A93742DBB0EA8BC11F /* QualityCore.swift */,
			);
			name = SkriptumWritingQuality;
			path = Modules/SkriptumWritingQuality/Sources/SkriptumWritingQuality;
			sourceTree = "<group>";
		};
		3F868E0434AB921703C6BDDE /* SkriptumAssistant */ = {
			isa = PBXGroup;
			children = (
				974CFDAF21F5358FA9028AE2 /* AssistantPanel.swift */,
			);
			name = SkriptumAssistant;
			path = Sources/SkriptumAssistant;
			sourceTree = "<group>";
		};
		771B09346CA2892718EA8140 /* SkriptumCore */ = {
			isa = PBXGroup;
			children = (
				1437C4B90142870FD498E12C /* AttachmentAudit.swift */,
				2651F99F22C388D42E3F9E7E /* AttachmentInventory.swift */,
				A147E50267737246BE0DF1F5 /* CloudLibraryBinding.swift */,
				4C6DEA27FB582F09F33AE731 /* EditJournal.swift */,
				7A2C801A4EBBA954E4853190 /* ICloudLibraryJournalBridge.swift */,
				3425B064EE89EF707436A6D7 /* ICloudLibraryProjection.swift */,
				44EF2E7A2A94325699CE9E0D /* ICloudLibrarySyncBinding.swift */,
				157528547060090B335B4778 /* ICloudPageMerge.swift */,
				7446DAA9F397A646E9BADFB7 /* ICloudPagePayload.swift */,
				2C13EF00AC71CDD5B7DAC617 /* ICloudSyncJournal.swift */,
				17D7F10D1C1CE050A454D46D /* LibraryStoragePaths.swift */,
				6417153992094E1FE4B3F871 /* LibraryStore.swift */,
				6922F0F034D619DD41C5CDBA /* MarkdownReconciler.swift */,
				9439160129A1C7393953E70E /* Models.swift */,
				BE2D3E745014C8CC45854A9B /* PageContent.swift */,
				F9BBD942900AAFCCDB2191A8 /* PageLinks.swift */,
				1803ABF23FFD9B4975E32D92 /* PageNavigation.swift */,
				96D695CEB54CEE5E0BBF24F1 /* ProposalReceipt.swift */,
				ACAE8CC83515CA6133662BE5 /* RecoveryArchive.swift */,
				EA68A400FC3C14C7A2926CCB /* WritingPreferences.swift */,
			);
			name = SkriptumCore;
			path = Sources/SkriptumCore;
			sourceTree = "<group>";
		};
		881C257274CCF69F051D7370 /* SkriptumBlocks */ = {
			isa = PBXGroup;
			children = (
				24ED135B34F7A9714A7A6676 /* BlockChangeAdmission.swift */,
				5EA1F6805CD486FB5516D353 /* BlockEditing.swift */,
				8C1957139B2D2007016F13C0 /* BlockEditorBinding.swift */,
				A405C52BF38373AB361DA5FE /* BlockEditorCommand.swift */,
				321C7F70374C62B615E51EC0 /* BlockNativeEditor.swift */,
				BA24F4E04249AB74D61AACF9 /* BlockWritingView.swift */,
				EACE2892C65AEE6142D2D3DA /* MarkdownTable.swift */,
				D0D041458B6F901450823D63 /* TableEditingSheet.swift */,
			);
			name = SkriptumBlocks;
			path = Sources/SkriptumBlocks;
			sourceTree = "<group>";
		};
		90476DD2FCD4D941D86D6F28 /* Products */ = {
			isa = PBXGroup;
			children = (
				23B4126BA1E3A459F2089F64 /* Skriptum.app */,
			);
			name = Products;
			sourceTree = "<group>";
		};
		923E5FA07E84B53F742FEE0A /* SkriptumApp */ = {
			isa = PBXGroup;
			children = (
				713E5DCEA2E67F4AC5B6C110 /* Assets.xcassets */,
				D92AE1D1A072502B1026C784 /* CloudConnectionRegistry.swift */,
				9BB2B6C44FAB1D0C0364DFA5 /* ExternalMarkdownView.swift */,
				640A18E90C4100A6C35ECA39 /* ICloudLibrarySession.swift */,
				0E7735B6FB4A441B4FA6FB10 /* ICloudSettingsView.swift */,
				545ED1001975726C9344E19E /* ICloudSyncEngine.swift */,
				D4AB242DCB35368A4A82735B /* LaunchScreen.storyboard */,
				CD8C026A5B07D6C14CC0A417 /* MarkdownTextEditor.swift */,
				9AE9893858C4BEF192806CC2 /* PageReviewPanel.swift */,
				E3EAEFF8ABDE0617D008DA4E /* PageTableSession.swift */,
				750BC7004B0362937A17A861 /* PageWritingView.swift */,
				EBA889963A9F372F05C0A26C /* PaperAppearance.swift */,
				ECE6D132722E84A775195411 /* PrivacyInfo.xcprivacy */,
				57D08FD9ED2160B324EE59FA /* RecoveredDraft.swift */,
				05B9394CEC393225B33FA47B /* RecoveredDraftModels.swift */,
				E2FEC015CBA19F4DF103BE0C /* SkriptumApp.swift */,
				0E8FBEC164310A4E5BE8243A /* WorkspaceAccountCoordinator.swift */,
				02424BF78634A2648DCD6320 /* WorkspaceAccountEnvironment.swift */,
				911998A62DE8D24B00E210DD /* WorkspaceAccountInspector.swift */,
				7335F92854F71E9641BCED46 /* WorkspaceAccountPresentation.swift */,
				1134BF17206327DA1BA16EC2 /* WorkspaceAccountRuntime.swift */,
				9C3A1C110B65E7D74F76ECD9 /* WorkspaceAccountSheetRequest.swift */,
				0A94AC826C6E24B98FB6AD95 /* WorkspaceAccountState.swift */,
				FC6F53F953EEA88ACFE2B877 /* WorkspaceDeploymentBundleLoader.swift */,
				71873523641115E501273641 /* WorkspaceDeploymentConfiguration.swift */,
				B4E7F77D93A17A0AF015448E /* WorkspaceFileTypes.swift */,
				5761803E9DCCECAEFAD27727 /* WorkspaceLibraryDiscoveryAccess.swift */,
				BBC87824D16ED0BB095247C9 /* WorkspaceLibraryPickerCoordinator.swift */,
				2F4B927D0C1424EB7D1288E1 /* WorkspaceLibraryPickerPresentation.swift */,
				5B6DF4EE7EBE1114DF76ED35 /* WorkspaceLibraryPickerView.swift */,
				77CC4BC8B803361D850C7632 /* WorkspacePresentationAnchorReader.swift */,
				6B276B50BF1AC283AC2104F1 /* WorkspaceSystemContainerRoots.swift */,
				A9361507EDEFF99849383023 /* WorkspaceWindowRegistry.swift */,
				C1C5B6EED527E7453850F3E5 /* WritingLibrary.swift */,
				B9D243C3CC6A6FFC7CF8F748 /* WritingNavigation.swift */,
			);
			name = SkriptumApp;
			path = Sources/SkriptumApp;
			sourceTree = "<group>";
		};
		9CA066CB9AAE8CD393B4BB67 /* SkriptumAuth */ = {
			isa = PBXGroup;
			children = (
				73E1D825DC8AF3F433A45B17 /* Credentials.swift */,
				A6EC79C939EF075EE36C25F9 /* NativeSignIn.swift */,
				BC48BE6BEAD4C10CD3CF6651 /* OAuth.swift */,
				2B22A9DC5831E429ECC56807 /* OIDCVerifier.swift */,
				877C298760FEED0C6DD6FAD9 /* WorkspaceAppleAuthorization.swift */,
			);
			name = SkriptumAuth;
			path = Sources/SkriptumAuth;
			sourceTree = "<group>";
		};
		BA7F42283A04B05F93DC2A7C /* SkriptumPageTools */ = {
			isa = PBXGroup;
			children = (
				1A5DD0C63CC1CFE1C05BD39A /* AttachmentDashboardSheet.swift */,
				3B6148D79F1B595A9A925C5C /* BlockMutation.swift */,
				FF6F09331882E1899B516AC2 /* EditorNotification.swift */,
				F354F7B3360C360403C52149 /* LibraryPageTools.swift */,
				71E4FCE499A5D0FE13123213 /* ManuscriptCountFooter.swift */,
				7DB122256DF7646751E7A412 /* PageLinksSheet.swift */,
				0E50703B872A39FA0EB54F59 /* PageToolsSheet.swift */,
				BFD8F0AE7780021460927478 /* TemplatePickerSheet.swift */,
				86C71ECA7DA0C76B50A3DE3C /* WorkflowSupport.swift */,
				6D7746A5C30035F0E0422336 /* WritingPreferencesSheet.swift */,
				C796E5CB48B7D7F55D951E0F /* WritingPreferencesStorage.swift */,
				09D4A82878B9953087DE5FAA /* WritingQualitySheet.swift */,
			);
			name = SkriptumPageTools;
			path = Sources/SkriptumPageTools;
			sourceTree = "<group>";
		};
		CA741CFF271C85FF35DA1CEA /* SkriptumDocuments */ = {
			isa = PBXGroup;
			children = (
				342F344EFE78E9802C4992D3 /* MarkdownDocument.swift */,
			);
			name = SkriptumDocuments;
			path = Sources/SkriptumDocuments;
			sourceTree = "<group>";
		};
		E963D1FDFDF6FFB1F4991B2F /* SkriptumExport */ = {
			isa = PBXGroup;
			children = (
				80878AF8B637DF8F326EA489 /* BlogRenderer.swift */,
				299B1C848E9C399576C1E548 /* DOCXRenderer.swift */,
				0D7117D35C939CAE42DA4012 /* EPUBRenderer.swift */,
				E8A22AB7F80DD73451E3B533 /* ExportTheme.swift */,
				B9FA27560BEC76BAD725AC86 /* HTMLRenderer.swift */,
				381A8601357AE4AAD2844EFF /* SemanticDocument.swift */,
				1EAA1B4B9467902AFB34097B /* StoredZIP.swift */,
			);
			name = SkriptumExport;
			path = Sources/SkriptumExport;
			sourceTree = "<group>";
		};
		FF329266809D1D3C28711037 /* SkriptumWorkspaceClient */ = {
			isa = PBXGroup;
			children = (
				FDD7938EBB172D9DE1253373 /* AdmissionDenialRepository.swift */,
				C65C7CC2E73C6097010E3D1A /* BoundedTransport.swift */,
				D49B87853195A5413B825D29 /* WorkspaceClient.swift */,
				925D9744CBD96BE79921EB05 /* WorkspaceCredentialAdmission.swift */,
				D7FFC7B2A0F52B661092C284 /* WorkspaceIdentityClient.swift */,
				5A8214355E8189FF4472EC52 /* WorkspaceIdentityDeletionStartControl.swift */,
				666C4F0A01E0A156EE112374 /* WorkspaceIdentityModels.swift */,
				9274A3DF37FD344850FA041F /* WorkspaceIdentitySessionState.swift */,
				DC496D18FE238B2CC06FCC12 /* WorkspaceIdentityWire.swift */,
				AA5F413BF2C3CA805545800A /* WorkspaceKeychainCredentialStore.swift */,
				EEE9C00FE6FFF7754EA3A769 /* WorkspaceLibraryMetadata.swift */,
				64F5802E57D59AB4CE198C68 /* WorkspaceModels.swift */,
				9690844E6BA03950EAC38E33 /* WorkspaceVerificationTLSAnchor.swift */,
				05DB34C5A2AAA07FAA807DA5 /* WorkspaceWire.swift */,
			);
			name = SkriptumWorkspaceClient;
			path = Modules/SkriptumWorkspaceClient/Sources/SkriptumWorkspaceClient;
			sourceTree = "<group>";
		};
/* End PBXGroup section */

/* Begin PBXNativeTarget section */
		1895929188C3CE4FA9ECB6DB /* Skriptum */ = {
			isa = PBXNativeTarget;
			buildConfigurationList = E2E8A720C91029A1C22D11A7 /* Build configuration list for PBXNativeTarget "Skriptum" */;
			buildPhases = (
				C476229456EF3EEC07FDF400 /* Sources */,
				30B7F7D4C9BB4794E861AFB3 /* Resources */,
				94EC8610AF9111E74462726F /* Frameworks */,
			);
			buildRules = (
			);
			dependencies = (
			);
			name = Skriptum;
			packageProductDependencies = (
				473CB7A859EE785B6149191F /* Markdown */,
			);
			productName = Skriptum;
			productReference = 23B4126BA1E3A459F2089F64 /* Skriptum.app */;
			productType = "com.apple.product-type.application";
		};
/* End PBXNativeTarget section */

/* Begin PBXProject section */
		FD020BEAF7550D819336F58C /* Project object */ = {
			isa = PBXProject;
			attributes = {
				BuildIndependentTargetsInParallel = YES;
				LastUpgradeCheck = 1430;
				TargetAttributes = {
					1895929188C3CE4FA9ECB6DB = {
						DevelopmentTeam = SP73Z8JWXM;
						ProvisioningStyle = Automatic;
					};
				};
			};
			buildConfigurationList = 1DCC2CAE3CCB8FFB23D92E69 /* Build configuration list for PBXProject "Skriptum" */;
			developmentRegion = en;
			hasScannedForEncodings = 0;
			knownRegions = (
				Base,
				en,
			);
			mainGroup = 1FAB77A8D715FC242745BF93;
			minimizedProjectReferenceProxies = 1;
			packageReferences = (
				021D9CA84294B027A99E2EAE /* XCRemoteSwiftPackageReference "swift-markdown" */,
			);
			preferredProjectObjectVersion = 77;
			productRefGroup = 90476DD2FCD4D941D86D6F28 /* Products */;
			projectDirPath = "";
			projectRoot = "";
			targets = (
				1895929188C3CE4FA9ECB6DB /* Skriptum */,
			);
		};
/* End PBXProject section */

/* Begin PBXResourcesBuildPhase section */
		30B7F7D4C9BB4794E861AFB3 /* Resources */ = {
			isa = PBXResourcesBuildPhase;
			buildActionMask = 2147483647;
			files = (
				FF85CF3367146F5D2FDA6F6D /* Assets.xcassets in Resources */,
				713C1FF6158CCD5E80752A99 /* LaunchScreen.storyboard in Resources */,
				794F1C5A6C8D2FA6F39E168B /* PrivacyInfo.xcprivacy in Resources */,
			);
			runOnlyForDeploymentPostprocessing = 0;
		};
/* End PBXResourcesBuildPhase section */

/* Begin PBXSourcesBuildPhase section */
		C476229456EF3EEC07FDF400 /* Sources */ = {
			isa = PBXSourcesBuildPhase;
			buildActionMask = 2147483647;
			files = (
				61870885C06D16AFF1918520 /* AIProvider.swift in Sources */,
				6B3DF941C6531F859462CE1F /* AdmissionDenialRepository.swift in Sources */,
				AAD5B335E5CEBB2807A96232 /* ApplePCCProvider.swift in Sources */,
				EB8EBD3184EB57F637AD1C27 /* AssistantPanel.swift in Sources */,
				2585B7083E20D3F014624EC4 /* AttachmentAudit.swift in Sources */,
				9BBB9588E0BF47C56FE9FFFA /* AttachmentDashboardSheet.swift in Sources */,
				DAF2C08182A37AA2002CC2DC /* AttachmentInventory.swift in Sources */,
				0EBB9B025249A8A83922E0D9 /* BlockChangeAdmission.swift in Sources */,
				B3E63DC5CA5F79700C79E814 /* BlockEditing.swift in Sources */,
				0734F9D5E001A3181A600930 /* BlockEditorBinding.swift in Sources */,
				DE1B614565971D0CA06A60F5 /* BlockEditorCommand.swift in Sources */,
				F15D5A7615586AF1986B7B43 /* BlockMutation.swift in Sources */,
				347A39F78E7512FA83E3BEF2 /* BlockNativeEditor.swift in Sources */,
				A4F30722A712254853DAC16E /* BlockWritingView.swift in Sources */,
				E6BA5A24E0103C9AA972D60C /* BlogRenderer.swift in Sources */,
				1220785CD437903B186B9742 /* BoundedTransport.swift in Sources */,
				894870DB05830D5CA54F494B /* ChatGPTPlanProvider.swift in Sources */,
				2EBCE57863F4010E4048604B /* CloudConnectionRegistry.swift in Sources */,
				00CFF3B2E949EDD1A28C883B /* CloudLibraryBinding.swift in Sources */,
				439301099F46B724EE5FDDED /* Credentials.swift in Sources */,
				F61936BBC227F318E832B83A /* DOCXRenderer.swift in Sources */,
				A61639B9CCEBA52A0ED2757F /* EPUBRenderer.swift in Sources */,
				87298631F606E3B5887BBAB2 /* EditJournal.swift in Sources */,
				F41ED7C4C62EBDC21D905846 /* EditorNotification.swift in Sources */,
				37C20A55E1D62403E0C16AAB /* ExportLivePreview.swift in Sources */,
				0386A0EEA74427CDE9D6AA8A /* ExportOptionsSheet.swift in Sources */,
				432808E5621DC340477F65CE /* ExportTheme.swift in Sources */,
				9E1CB3802F95BAB6AE4893E7 /* ExternalMarkdownView.swift in Sources */,
				3B203C29DF4D5AF07758A136 /* GrammarContinuationGate.swift in Sources */,
				A3441FE039EA4E6091C1F23E /* HTMLRenderer.swift in Sources */,
				11F45FB794C50F03B8044655 /* ICloudLibraryJournalBridge.swift in Sources */,
				EB2C04A6ED9E3967B1DE0DB7 /* ICloudLibraryProjection.swift in Sources */,
				5BB42DA2FBC912E1E5A67D23 /* ICloudLibrarySession.swift in Sources */,
				449BDF4E569C60357DB25FC7 /* ICloudLibrarySyncBinding.swift in Sources */,
				2B39F13F920582C5799A74C3 /* ICloudPageMerge.swift in Sources */,
				F780735753347DE8CEC7DEA2 /* ICloudPagePayload.swift in Sources */,
				ED5C22B99B1E02BCBA9FF125 /* ICloudSettingsView.swift in Sources */,
				DE0B27340470715CFFB93F55 /* ICloudSyncEngine.swift in Sources */,
				4787990C1B9C5359E0146A10 /* ICloudSyncJournal.swift in Sources */,
				A224F4ACC2ADE23E3D4CEE1C /* KeychainCredentialStore.swift in Sources */,
				51BB34F6504D022DA4F6A708 /* LanguageToolClient.swift in Sources */,
				FAD7473EA9C331EA1A2DE56C /* LibraryPageTools.swift in Sources */,
				98FB71A24067434B992F82EF /* LibraryStoragePaths.swift in Sources */,
				5C8F864EFED66AB47939192A /* LibraryStore.swift in Sources */,
				2C34AC4C8946EB4B39212E20 /* ManuscriptCountFooter.swift in Sources */,
				30B5F720323375DAB848B349 /* MarkdownDocument.swift in Sources */,
				240D7B42FF8645CDD59C3378 /* MarkdownPreview.swift in Sources */,
				CB8F7DC62328651DC1D0B34A /* MarkdownReconciler.swift in Sources */,
				FC1E4FE89E41B9B17A7EF3C7 /* MarkdownTable.swift in Sources */,
				23C0A80714049FA25B9B36C5 /* MarkdownTextEditor.swift in Sources */,
				0E87BD638166FA760ECAE71E /* ModelCatalog.swift in Sources */,
				8D0F558A37D57111D29D5AC0 /* Models.swift in Sources */,
				D818049601F6F7FB122A5C48 /* NativeSignIn.swift in Sources */,
				3C303AD97278893E2048BC2A /* NativeWritingReviewer.swift in Sources */,
				D84E904782DE596BF7FDE0F8 /* OAuth.swift in Sources */,
				57A8D09DEC2322E3B7327146 /* OIDCVerifier.swift in Sources */,
				318C72C5EE3525F27476BB1D /* PageAssistant.swift in Sources */,
				F158BC9A41A7497CF86C0C5B /* PageContent.swift in Sources */,
				EB9F680346EA6EE2CB7259B1 /* PageLinks.swift in Sources */,
				BEE5EDF9CE3EC27BF21425ED /* PageLinksSheet.swift in Sources */,
				B3B79CFA0D7AE0B0A0B9CF1D /* PageNavigation.swift in Sources */,
				7389829D383008A49CAECA92 /* PageReviewPanel.swift in Sources */,
				7B07FEDE031E9F0BF5CE44A7 /* PageTableSession.swift in Sources */,
				575402CF7E4BCADD6E8C9A29 /* PageToolsSheet.swift in Sources */,
				E8A7EF3C98DD6DC3CD465D73 /* PageWritingView.swift in Sources */,
				22D561F63E64C53129A943CD /* PaginatedPDF.swift in Sources */,
				46EF3FA46E48850D9C0A6F9A /* PaperAppearance.swift in Sources */,
				B8B78F95FED73455F0CF8BEB /* ProposalReceipt.swift in Sources */,
				9BAD2201967881CC248448B1 /* QualityCore.swift in Sources */,
				56FF411017AC0FBCD87095C8 /* RecoveredDraft.swift in Sources */,
				0AF00573C23366277E539271 /* RecoveredDraftModels.swift in Sources */,
				A91EBCFE5B826ED68F6A4F5C /* RecoveryArchive.swift in Sources */,
				490C07A71C336AC0A2BE1751 /* SemanticDocument.swift in Sources */,
				A15BD8EAB26261BBF8325109 /* SkriptumApp.swift in Sources */,
				29E03DBABDE791D0B4A4D5AC /* StoredZIP.swift in Sources */,
				7D5DA77AC58F5B460D70B965 /* TableEditingSheet.swift in Sources */,
				18CF1E540D7F21FD0C57AD87 /* TemplatePickerSheet.swift in Sources */,
				8B7488E47A9AC19679787636 /* WorkflowSupport.swift in Sources */,
				32E0263AF2866AA0615554F6 /* WorkspaceAccountCoordinator.swift in Sources */,
				88DD1359A8427DDE5E6B60FC /* WorkspaceAccountEnvironment.swift in Sources */,
				312997CA73A432344984C335 /* WorkspaceAccountInspector.swift in Sources */,
				0A25B1BE45A64B514BAA5A9D /* WorkspaceAccountPresentation.swift in Sources */,
				1F348366B3A4F5F650DDD672 /* WorkspaceAccountRuntime.swift in Sources */,
				6E1A723DEB52FBC0CDE471FB /* WorkspaceAccountSheetRequest.swift in Sources */,
				FB19C1FBA54E8ED678582F9B /* WorkspaceAccountState.swift in Sources */,
				4FDE6D0F9EDC8A4FA6FB8A52 /* WorkspaceAppleAuthorization.swift in Sources */,
				0C1EE51F8901AABE3A071D1E /* WorkspaceClient.swift in Sources */,
				BCAC945BF4DAC548D86E4087 /* WorkspaceCredentialAdmission.swift in Sources */,
				496B31C55085100B854AEA0B /* WorkspaceDeploymentBundleLoader.swift in Sources */,
				F8EE2280A026333B7C127AC9 /* WorkspaceDeploymentConfiguration.swift in Sources */,
				CD0027B2AF4D42ADF4B1D79A /* WorkspaceFileTypes.swift in Sources */,
				A2A5868ED37ECF2B8734EDC5 /* WorkspaceIdentityClient.swift in Sources */,
				E4D400E23F238311FF231C3D /* WorkspaceIdentityDeletionStartControl.swift in Sources */,
				043376B973660742AFF82910 /* WorkspaceIdentityModels.swift in Sources */,
				51B9FD91006C8CC3B9B9206A /* WorkspaceIdentitySessionState.swift in Sources */,
				E40DB1E2F27F94B728EF7ADE /* WorkspaceIdentityWire.swift in Sources */,
				3FE3D34F0E1E698C6C379E67 /* WorkspaceKeychainCredentialStore.swift in Sources */,
				64AB776B21BC8AC193419893 /* WorkspaceLibraryDiscoveryAccess.swift in Sources */,
				AA7E51608B1D55DF54ED1814 /* WorkspaceLibraryMetadata.swift in Sources */,
				BF2814D4EAE8EFB135A24ECC /* WorkspaceLibraryPickerCoordinator.swift in Sources */,
				8E6B27330EA5A716A18DC1AA /* WorkspaceLibraryPickerPresentation.swift in Sources */,
				B76019D3C5F8649BEAD1E7B0 /* WorkspaceLibraryPickerView.swift in Sources */,
				2752160EA8BABC2091B8883C /* WorkspaceModels.swift in Sources */,
				29547F2EC1ED76CE8CD78B92 /* WorkspacePresentationAnchorReader.swift in Sources */,
				D9B5C540197E8E4EE366F79A /* WorkspaceSystemContainerRoots.swift in Sources */,
				AE1F6067E214F15B5FFAF010 /* WorkspaceVerificationTLSAnchor.swift in Sources */,
				5CE5A507825DBA8BEA0128FA /* WorkspaceWindowRegistry.swift in Sources */,
				489D0257AD42A14C93106F65 /* WorkspaceWire.swift in Sources */,
				177D285C0C27DDBB7A192422 /* WritingLibrary.swift in Sources */,
				F609B30D3FAAFCA1CB3A11F4 /* WritingNavigation.swift in Sources */,
				C063E44868A9557D340BF71B /* WritingPreferences.swift in Sources */,
				17C24A6C73BAB5A1DAACC17B /* WritingPreferencesSheet.swift in Sources */,
				757E49E479D4512669A6B1C7 /* WritingPreferencesStorage.swift in Sources */,
				E8AE82A6E1E5AE6292E1870A /* WritingQualitySheet.swift in Sources */,
			);
			runOnlyForDeploymentPostprocessing = 0;
		};
/* End PBXSourcesBuildPhase section */

/* Begin XCBuildConfiguration section */
		C989C6156183990B8F307B77 /* Release */ = {
			isa = XCBuildConfiguration;
			buildSettings = {
				ASSETCATALOG_COMPILER_APPICON_NAME = AppIcon;
				ASSETCATALOG_COMPILER_GLOBAL_ACCENT_COLOR_NAME = AccentColor;
				CODE_SIGN_IDENTITY = "iPhone Developer";
				GENERATE_INFOPLIST_FILE = YES;
				INFOPLIST_FILE = Config/Info.plist;
				INFOPLIST_KEY_CFBundleDisplayName = Scriptum;
				INFOPLIST_KEY_UIApplicationSceneManifest_Generation = YES;
				INFOPLIST_KEY_UISupportedInterfaceOrientations_iPad = "UIInterfaceOrientationPortrait UIInterfaceOrientationPortraitUpsideDown UIInterfaceOrientationLandscapeLeft UIInterfaceOrientationLandscapeRight";
				INFOPLIST_KEY_UISupportsDocumentBrowser = YES;
				LD_RUNPATH_SEARCH_PATHS = (
					"$(inherited)",
					"@executable_path/Frameworks",
				);
				PRODUCT_BUNDLE_IDENTIFIER = com.mobilebox.Skriptum;
				SDKROOT = iphoneos;
				TARGETED_DEVICE_FAMILY = "1,2";
			};
			name = Release;
		};
		DACA43E9C6BD8BAC1BF574D4 /* Debug */ = {
			isa = XCBuildConfiguration;
			buildSettings = {
				ASSETCATALOG_COMPILER_APPICON_NAME = AppIcon;
				ASSETCATALOG_COMPILER_GLOBAL_ACCENT_COLOR_NAME = AccentColor;
				CODE_SIGN_IDENTITY = "iPhone Developer";
				GENERATE_INFOPLIST_FILE = YES;
				INFOPLIST_FILE = Config/Info.plist;
				INFOPLIST_KEY_CFBundleDisplayName = Scriptum;
				INFOPLIST_KEY_UIApplicationSceneManifest_Generation = YES;
				INFOPLIST_KEY_UISupportedInterfaceOrientations_iPad = "UIInterfaceOrientationPortrait UIInterfaceOrientationPortraitUpsideDown UIInterfaceOrientationLandscapeLeft UIInterfaceOrientationLandscapeRight";
				INFOPLIST_KEY_UISupportsDocumentBrowser = YES;
				LD_RUNPATH_SEARCH_PATHS = (
					"$(inherited)",
					"@executable_path/Frameworks",
				);
				PRODUCT_BUNDLE_IDENTIFIER = com.mobilebox.Skriptum;
				SDKROOT = iphoneos;
				TARGETED_DEVICE_FAMILY = "1,2";
			};
			name = Debug;
		};
		F3AF54454FE820A0E0DF8938 /* Release */ = {
			isa = XCBuildConfiguration;
			buildSettings = {
				ALWAYS_SEARCH_USER_PATHS = NO;
				CLANG_ANALYZER_NONNULL = YES;
				CLANG_ANALYZER_NUMBER_OBJECT_CONVERSION = YES_AGGRESSIVE;
				CLANG_CXX_LANGUAGE_STANDARD = "gnu++14";
				CLANG_CXX_LIBRARY = "libc++";
				CLANG_ENABLE_MODULES = YES;
				CLANG_ENABLE_OBJC_ARC = YES;
				CLANG_ENABLE_OBJC_WEAK = YES;
				CLANG_WARN_BLOCK_CAPTURE_AUTORELEASING = YES;
				CLANG_WARN_BOOL_CONVERSION = YES;
				CLANG_WARN_COMMA = YES;
				CLANG_WARN_CONSTANT_CONVERSION = YES;
				CLANG_WARN_DEPRECATED_OBJC_IMPLEMENTATIONS = YES;
				CLANG_WARN_DIRECT_OBJC_ISA_USAGE = YES_ERROR;
				CLANG_WARN_DOCUMENTATION_COMMENTS = YES;
				CLANG_WARN_EMPTY_BODY = YES;
				CLANG_WARN_ENUM_CONVERSION = YES;
				CLANG_WARN_INFINITE_RECURSION = YES;
				CLANG_WARN_INT_CONVERSION = YES;
				CLANG_WARN_NON_LITERAL_NULL_CONVERSION = YES;
				CLANG_WARN_OBJC_IMPLICIT_RETAIN_SELF = YES;
				CLANG_WARN_OBJC_LITERAL_CONVERSION = YES;
				CLANG_WARN_OBJC_ROOT_CLASS = YES_ERROR;
				CLANG_WARN_QUOTED_INCLUDE_IN_FRAMEWORK_HEADER = YES;
				CLANG_WARN_RANGE_LOOP_ANALYSIS = YES;
				CLANG_WARN_STRICT_PROTOTYPES = YES;
				CLANG_WARN_SUSPICIOUS_MOVE = YES;
				CLANG_WARN_UNGUARDED_AVAILABILITY = YES_AGGRESSIVE;
				CLANG_WARN_UNREACHABLE_CODE = YES;
				CLANG_WARN__DUPLICATE_METHOD_MATCH = YES;
				CODE_SIGN_ENTITLEMENTS = Skriptum.entitlements;
				CODE_SIGN_STYLE = Automatic;
				COPY_PHASE_STRIP = NO;
				CURRENT_PROJECT_VERSION = 1;
				DEBUG_INFORMATION_FORMAT = "dwarf-with-dsym";
				DEVELOPMENT_TEAM = SP73Z8JWXM;
				ENABLE_NS_ASSERTIONS = NO;
				ENABLE_STRICT_OBJC_MSGSEND = YES;
				GCC_C_LANGUAGE_STANDARD = gnu11;
				GCC_NO_COMMON_BLOCKS = YES;
				GCC_WARN_64_TO_32_BIT_CONVERSION = YES;
				GCC_WARN_ABOUT_RETURN_TYPE = YES_ERROR;
				GCC_WARN_UNDECLARED_SELECTOR = YES;
				GCC_WARN_UNINITIALIZED_AUTOS = YES_AGGRESSIVE;
				GCC_WARN_UNUSED_FUNCTION = YES;
				GCC_WARN_UNUSED_VARIABLE = YES;
				IPHONEOS_DEPLOYMENT_TARGET = 27.0;
				MARKETING_VERSION = 1.0.0;
				MTL_ENABLE_DEBUG_INFO = NO;
				MTL_FAST_MATH = YES;
				PRODUCT_NAME = "$(TARGET_NAME)";
				SDKROOT = iphoneos;
				SWIFT_COMPILATION_MODE = wholemodule;
				SWIFT_OPTIMIZATION_LEVEL = "-O";
				SWIFT_VERSION = 6.0;
				TARGETED_DEVICE_FAMILY = "1,2";
			};
			name = Release;
		};
		FDAB14505FA63672CCE26F40 /* Debug */ = {
			isa = XCBuildConfiguration;
			buildSettings = {
				ALWAYS_SEARCH_USER_PATHS = NO;
				CLANG_ANALYZER_NONNULL = YES;
				CLANG_ANALYZER_NUMBER_OBJECT_CONVERSION = YES_AGGRESSIVE;
				CLANG_CXX_LANGUAGE_STANDARD = "gnu++14";
				CLANG_CXX_LIBRARY = "libc++";
				CLANG_ENABLE_MODULES = YES;
				CLANG_ENABLE_OBJC_ARC = YES;
				CLANG_ENABLE_OBJC_WEAK = YES;
				CLANG_WARN_BLOCK_CAPTURE_AUTORELEASING = YES;
				CLANG_WARN_BOOL_CONVERSION = YES;
				CLANG_WARN_COMMA = YES;
				CLANG_WARN_CONSTANT_CONVERSION = YES;
				CLANG_WARN_DEPRECATED_OBJC_IMPLEMENTATIONS = YES;
				CLANG_WARN_DIRECT_OBJC_ISA_USAGE = YES_ERROR;
				CLANG_WARN_DOCUMENTATION_COMMENTS = YES;
				CLANG_WARN_EMPTY_BODY = YES;
				CLANG_WARN_ENUM_CONVERSION = YES;
				CLANG_WARN_INFINITE_RECURSION = YES;
				CLANG_WARN_INT_CONVERSION = YES;
				CLANG_WARN_NON_LITERAL_NULL_CONVERSION = YES;
				CLANG_WARN_OBJC_IMPLICIT_RETAIN_SELF = YES;
				CLANG_WARN_OBJC_LITERAL_CONVERSION = YES;
				CLANG_WARN_OBJC_ROOT_CLASS = YES_ERROR;
				CLANG_WARN_QUOTED_INCLUDE_IN_FRAMEWORK_HEADER = YES;
				CLANG_WARN_RANGE_LOOP_ANALYSIS = YES;
				CLANG_WARN_STRICT_PROTOTYPES = YES;
				CLANG_WARN_SUSPICIOUS_MOVE = YES;
				CLANG_WARN_UNGUARDED_AVAILABILITY = YES_AGGRESSIVE;
				CLANG_WARN_UNREACHABLE_CODE = YES;
				CLANG_WARN__DUPLICATE_METHOD_MATCH = YES;
				CODE_SIGN_ENTITLEMENTS = Skriptum.entitlements;
				CODE_SIGN_STYLE = Automatic;
				COPY_PHASE_STRIP = NO;
				CURRENT_PROJECT_VERSION = 1;
				DEBUG_INFORMATION_FORMAT = dwarf;
				DEVELOPMENT_TEAM = SP73Z8JWXM;
				ENABLE_STRICT_OBJC_MSGSEND = YES;
				ENABLE_TESTABILITY = YES;
				GCC_C_LANGUAGE_STANDARD = gnu11;
				GCC_DYNAMIC_NO_PIC = NO;
				GCC_NO_COMMON_BLOCKS = YES;
				GCC_OPTIMIZATION_LEVEL = 0;
				GCC_PREPROCESSOR_DEFINITIONS = (
					"$(inherited)",
					"DEBUG=1",
				);
				GCC_WARN_64_TO_32_BIT_CONVERSION = YES;
				GCC_WARN_ABOUT_RETURN_TYPE = YES_ERROR;
				GCC_WARN_UNDECLARED_SELECTOR = YES;
				GCC_WARN_UNINITIALIZED_AUTOS = YES_AGGRESSIVE;
				GCC_WARN_UNUSED_FUNCTION = YES;
				GCC_WARN_UNUSED_VARIABLE = YES;
				IPHONEOS_DEPLOYMENT_TARGET = 27.0;
				MARKETING_VERSION = 1.0.0;
				MTL_ENABLE_DEBUG_INFO = INCLUDE_SOURCE;
				MTL_FAST_MATH = YES;
				ONLY_ACTIVE_ARCH = YES;
				PRODUCT_NAME = "$(TARGET_NAME)";
				SDKROOT = iphoneos;
				SWIFT_ACTIVE_COMPILATION_CONDITIONS = DEBUG;
				SWIFT_OPTIMIZATION_LEVEL = "-Onone";
				SWIFT_VERSION = 6.0;
				TARGETED_DEVICE_FAMILY = "1,2";
			};
			name = Debug;
		};
/* End XCBuildConfiguration section */

/* Begin XCConfigurationList section */
		1DCC2CAE3CCB8FFB23D92E69 /* Build configuration list for PBXProject "Skriptum" */ = {
			isa = XCConfigurationList;
			buildConfigurations = (
				FDAB14505FA63672CCE26F40 /* Debug */,
				F3AF54454FE820A0E0DF8938 /* Release */,
			);
			defaultConfigurationIsVisible = 0;
			defaultConfigurationName = Debug;
		};
		E2E8A720C91029A1C22D11A7 /* Build configuration list for PBXNativeTarget "Skriptum" */ = {
			isa = XCConfigurationList;
			buildConfigurations = (
				DACA43E9C6BD8BAC1BF574D4 /* Debug */,
				C989C6156183990B8F307B77 /* Release */,
			);
			defaultConfigurationIsVisible = 0;
			defaultConfigurationName = Debug;
		};
/* End XCConfigurationList section */

/* Begin XCRemoteSwiftPackageReference section */
		021D9CA84294B027A99E2EAE /* XCRemoteSwiftPackageReference "swift-markdown" */ = {
			isa = XCRemoteSwiftPackageReference;
			repositoryURL = "https://github.com/swiftlang/swift-markdown.git";
			requirement = {
				kind = revision;
				revision = 25cb61d3482054b09ae76ca4f281b1bfe7fe5a43;
			};
		};
/* End XCRemoteSwiftPackageReference section */

/* Begin XCSwiftPackageProductDependency section */
		473CB7A859EE785B6149191F /* Markdown */ = {
			isa = XCSwiftPackageProductDependency;
			package = 021D9CA84294B027A99E2EAE /* XCRemoteSwiftPackageReference "swift-markdown" */;
			productName = Markdown;
		};
/* End XCSwiftPackageProductDependency section */
	};
	rootObject = FD020BEAF7550D819336F58C /* Project object */;
}
